// !$*UTF8*$!
{
	archiveVersion = 1;
	classes = {
	};
	objectVersion = 46;
	objects = {

/* Begin PBXBuildFile section */
		5309B1371E2F71B30096A4FC /* Server.swift in Sources */ = {isa = PBXBuildFile; fileRef = 5309B1361E2F71B30096A4FC /* Server.swift */; };
		5309B13B1E30C4490096A4FC /* Analyse+Subject.swift in Sources */ = {isa = PBXBuildFile; fileRef = 5309B13A1E30C4490096A4FC /* Analyse+Subject.swift */; };
		53187F4C1E152DE300484994 /* AppDelegate.swift in Sources */ = {isa = PBXBuildFile; fileRef = 53187F4B1E152DE300484994 /* AppDelegate.swift */; };
		53187F4E1E152DE300484994 /* ViewController.swift in Sources */ = {isa = PBXBuildFile; fileRef = 53187F4D1E152DE300484994 /* ViewController.swift */; };
		53187F511E152DE300484994 /* Main.storyboard in Resources */ = {isa = PBXBuildFile; fileRef = 53187F4F1E152DE300484994 /* Main.storyboard */; };
		53187F531E152DE300484994 /* Assets.xcassets in Resources */ = {isa = PBXBuildFile; fileRef = 53187F521E152DE300484994 /* Assets.xcassets */; };
		53187F561E152DE300484994 /* LaunchScreen.storyboard in Resources */ = {isa = PBXBuildFile; fileRef = 53187F541E152DE300484994 /* LaunchScreen.storyboard */; };
		531883501E15366A00484994 /* ResearchKit.framework in Frameworks */ = {isa = PBXBuildFile; fileRef = 5318834F1E15366A00484994 /* ResearchKit.framework */; };
		531883541E15371C00484994 /* ConsentDocument.swift in Sources */ = {isa = PBXBuildFile; fileRef = 531883531E15371C00484994 /* ConsentDocument.swift */; };
		531883561E1537D700484994 /* ConsentTask.swift in Sources */ = {isa = PBXBuildFile; fileRef = 531883551E1537D700484994 /* ConsentTask.swift */; };
		532A8B021E1D7ED600F1F6E3 /* SwiftProtobuf.framework in Frameworks */ = {isa = PBXBuildFile; fileRef = 532A8B001E1D7EC700F1F6E3 /* SwiftProtobuf.framework */; };
		532A8B071E1D808F00F1F6E3 /* m-chat.pb.swift in Sources */ = {isa = PBXBuildFile; fileRef = 532A8B061E1D808F00F1F6E3 /* m-chat.pb.swift */; };
		532A8B0B1E1D861200F1F6E3 /* questions in Resources */ = {isa = PBXBuildFile; fileRef = 532A8B0A1E1D861200F1F6E3 /* questions */; };
		532A8B111E20423800F1F6E3 /* Pollster.swift in Sources */ = {isa = PBXBuildFile; fileRef = 532A8B101E20423800F1F6E3 /* Pollster.swift */; };
		532A8B141E204B4500F1F6E3 /* Log.swift in Sources */ = {isa = PBXBuildFile; fileRef = 532A8B131E204B4500F1F6E3 /* Log.swift */; };
		53358FD21E2E81F600634C80 /* DeviceInfo.swift in Sources */ = {isa = PBXBuildFile; fileRef = 53358FD11E2E81F600634C80 /* DeviceInfo.swift */; };
		534A3B791E40B94E005FA5F3 /* ViewController+CollectionDataSource.swift in Sources */ = {isa = PBXBuildFile; fileRef = 534A3B781E40B94E005FA5F3 /* ViewController+CollectionDataSource.swift */; };
		534A3B7B1E40B96C005FA5F3 /* ViewController+CollectionDelegateFlowLayout.swift in Sources */ = {isa = PBXBuildFile; fileRef = 534A3B7A1E40B96C005FA5F3 /* ViewController+CollectionDelegateFlowLayout.swift */; };
		534A3B831E40BD14005FA5F3 /* 1.html in Resources */ = {isa = PBXBuildFile; fileRef = 534A3B811E40BD14005FA5F3 /* 1.html */; };
		534A3B841E40BD14005FA5F3 /* 2.html in Resources */ = {isa = PBXBuildFile; fileRef = 534A3B821E40BD14005FA5F3 /* 2.html */; };
		534A3B891E40C4EA005FA5F3 /* WalkThroughCell.swift in Sources */ = {isa = PBXBuildFile; fileRef = 534A3B871E40C4EA005FA5F3 /* WalkThroughCell.swift */; };
		534A3B8A1E40C4EA005FA5F3 /* WalkThroughCell.xib in Resources */ = {isa = PBXBuildFile; fileRef = 534A3B881E40C4EA005FA5F3 /* WalkThroughCell.xib */; };
		534B8A4A1E3F568500518E95 /* Tasks.swift in Sources */ = {isa = PBXBuildFile; fileRef = 534B8A491E3F568500518E95 /* Tasks.swift */; };
		534B8A4C1E3F7A0D00518E95 /* ViewController+ResultPopup.swift in Sources */ = {isa = PBXBuildFile; fileRef = 534B8A4B1E3F7A0D00518E95 /* ViewController+ResultPopup.swift */; };
		534B8A4E1E3F7D7800518E95 /* SendEmailPopup.xib in Resources */ = {isa = PBXBuildFile; fileRef = 534B8A4D1E3F7D7800518E95 /* SendEmailPopup.xib */; };
		534B8A501E3F828F00518E95 /* SurveryTask extension.swift in Sources */ = {isa = PBXBuildFile; fileRef = 534B8A4F1E3F828F00518E95 /* SurveryTask extension.swift */; };
		534E070E1E2E39D80034F94B /* result.proto in Resources */ = {isa = PBXBuildFile; fileRef = 534E070D1E2E39D80034F94B /* result.proto */; };
		53734D8C1E16DC03009875B8 /* SurveyTask.swift in Sources */ = {isa = PBXBuildFile; fileRef = 53734D8B1E16DC03009875B8 /* SurveyTask.swift */; };
		53734D931E16F005009875B8 /* Localizable.strings in Resources */ = {isa = PBXBuildFile; fileRef = 53734D951E16F005009875B8 /* Localizable.strings */; };
		537C9D7F1E3F49310054AFA0 /* Analytics.swift in Sources */ = {isa = PBXBuildFile; fileRef = 537C9D7D1E3F49310054AFA0 /* Analytics.swift */; };
		537C9D801E3F49310054AFA0 /* GA.swift in Sources */ = {isa = PBXBuildFile; fileRef = 537C9D7E1E3F49310054AFA0 /* GA.swift */; };
		537C9D821E3F4D4D0054AFA0 /* SurveyAnalytics.swift in Sources */ = {isa = PBXBuildFile; fileRef = 537C9D811E3F4D4D0054AFA0 /* SurveyAnalytics.swift */; };
		537C9D861E3F4FC40054AFA0 /* libGoogleAnalyticsServices.a in Frameworks */ = {isa = PBXBuildFile; fileRef = 537C9D851E3F4FC40054AFA0 /* libGoogleAnalyticsServices.a */; };
		537C9D881E3F50820054AFA0 /* CoreData.framework in Frameworks */ = {isa = PBXBuildFile; fileRef = 537C9D871E3F50820054AFA0 /* CoreData.framework */; };
		537C9D8A1E3F50870054AFA0 /* SystemConfiguration.framework in Frameworks */ = {isa = PBXBuildFile; fileRef = 537C9D891E3F50870054AFA0 /* SystemConfiguration.framework */; };
		538BCD201E2CF240009F56EB /* InfoTask.swift in Sources */ = {isa = PBXBuildFile; fileRef = 538BCD1F1E2CF240009F56EB /* InfoTask.swift */; };
		538BCD271E2D14BD009F56EB /* result.pb.swift in Sources */ = {isa = PBXBuildFile; fileRef = 538BCD261E2D14BD009F56EB /* result.pb.swift */; };
		538BCD2A1E2D1D47009F56EB /* Analyse.swift in Sources */ = {isa = PBXBuildFile; fileRef = 538BCD291E2D1D47009F56EB /* Analyse.swift */; };
		53B2BD501E3AC232001EC7E1 /* MediumResultPopup.xib in Resources */ = {isa = PBXBuildFile; fileRef = 53B2BD4F1E3AC232001EC7E1 /* MediumResultPopup.xib */; };
		53B2BD521E3AC243001EC7E1 /* LowResultPopup.xib in Resources */ = {isa = PBXBuildFile; fileRef = 53B2BD511E3AC243001EC7E1 /* LowResultPopup.xib */; };
		53B2BD541E3AC810001EC7E1 /* HighResultPopupController.swift in Sources */ = {isa = PBXBuildFile; fileRef = 53B2BD531E3AC810001EC7E1 /* HighResultPopupController.swift */; };
		53B2BD601E3B7293001EC7E1 /* HighResultPopup.xib in Resources */ = {isa = PBXBuildFile; fileRef = 53B2BD5F1E3B7293001EC7E1 /* HighResultPopup.xib */; };
		53B2BD621E3B803D001EC7E1 /* MediumResultPopupController.swift in Sources */ = {isa = PBXBuildFile; fileRef = 53B2BD611E3B803D001EC7E1 /* MediumResultPopupController.swift */; };
		53B2BD641E3B8051001EC7E1 /* LowResultPopupController.swift in Sources */ = {isa = PBXBuildFile; fileRef = 53B2BD631E3B8051001EC7E1 /* LowResultPopupController.swift */; };
		53C411751E43AD250094435E /* ViewControll+ScrollViewDelegate.swift in Sources */ = {isa = PBXBuildFile; fileRef = 53C411741E43AD250094435E /* ViewControll+ScrollViewDelegate.swift */; };
		53DE975C1E44AEFB00B78298 /* FXBlurView.m in Sources */ = {isa = PBXBuildFile; fileRef = 53DE974A1E44AEFB00B78298 /* FXBlurView.m */; };
		53DE975D1E44AEFB00B78298 /* InteractiveTransition.swift in Sources */ = {isa = PBXBuildFile; fileRef = 53DE974B1E44AEFB00B78298 /* InteractiveTransition.swift */; };
		53DE975E1E44AEFB00B78298 /* PopupDialog.swift in Sources */ = {isa = PBXBuildFile; fileRef = 53DE974C1E44AEFB00B78298 /* PopupDialog.swift */; };
		53DE975F1E44AEFB00B78298 /* PopupDialog+Keyboard.swift in Sources */ = {isa = PBXBuildFile; fileRef = 53DE974D1E44AEFB00B78298 /* PopupDialog+Keyboard.swift */; };
		53DE97601E44AEFB00B78298 /* PopupDialogButton.swift in Sources */ = {isa = PBXBuildFile; fileRef = 53DE974E1E44AEFB00B78298 /* PopupDialogButton.swift */; };
		53DE97611E44AEFB00B78298 /* PopupDialogContainerView.swift in Sources */ = {isa = PBXBuildFile; fileRef = 53DE974F1E44AEFB00B78298 /* PopupDialogContainerView.swift */; };
		53DE97621E44AEFB00B78298 /* PopupDialogDefaultButtons.swift in Sources */ = {isa = PBXBuildFile; fileRef = 53DE97501E44AEFB00B78298 /* PopupDialogDefaultButtons.swift */; };
		53DE97631E44AEFB00B78298 /* PopupDialogDefaultView.swift in Sources */ = {isa = PBXBuildFile; fileRef = 53DE97511E44AEFB00B78298 /* PopupDialogDefaultView.swift */; };
		53DE97641E44AEFB00B78298 /* PopupDialogDefaultViewController.swift in Sources */ = {isa = PBXBuildFile; fileRef = 53DE97521E44AEFB00B78298 /* PopupDialogDefaultViewController.swift */; };
		53DE97651E44AEFB00B78298 /* PopupDialogOverlayView.swift in Sources */ = {isa = PBXBuildFile; fileRef = 53DE97531E44AEFB00B78298 /* PopupDialogOverlayView.swift */; };
		53DE97661E44AEFB00B78298 /* PresentationController.swift in Sources */ = {isa = PBXBuildFile; fileRef = 53DE97541E44AEFB00B78298 /* PresentationController.swift */; };
		53DE97671E44AEFB00B78298 /* PresentationManager.swift in Sources */ = {isa = PBXBuildFile; fileRef = 53DE97551E44AEFB00B78298 /* PresentationManager.swift */; };
		53DE97681E44AEFB00B78298 /* TransitionAnimations.swift in Sources */ = {isa = PBXBuildFile; fileRef = 53DE97561E44AEFB00B78298 /* TransitionAnimations.swift */; };
		53DE97691E44AEFB00B78298 /* TransitionAnimator.swift in Sources */ = {isa = PBXBuildFile; fileRef = 53DE97571E44AEFB00B78298 /* TransitionAnimator.swift */; };
		53DE976B1E44AEFB00B78298 /* UIImageView+Calculations.swift in Sources */ = {isa = PBXBuildFile; fileRef = 53DE97591E44AEFB00B78298 /* UIImageView+Calculations.swift */; };
		53DE976C1E44AEFB00B78298 /* UIView+Animations.swift in Sources */ = {isa = PBXBuildFile; fileRef = 53DE975A1E44AEFB00B78298 /* UIView+Animations.swift */; };
		53DE976D1E44AEFB00B78298 /* UIViewController+Visibility.swift in Sources */ = {isa = PBXBuildFile; fileRef = 53DE975B1E44AEFB00B78298 /* UIViewController+Visibility.swift */; };
		53DE97731E44AFFB00B78298 /* TZSpacerView.swift in Sources */ = {isa = PBXBuildFile; fileRef = 53DE976F1E44AFFB00B78298 /* TZSpacerView.swift */; };
		53DE97741E44AFFB00B78298 /* TZStackView.swift in Sources */ = {isa = PBXBuildFile; fileRef = 53DE97701E44AFFB00B78298 /* TZStackView.swift */; };
		53DE97751E44AFFB00B78298 /* TZStackViewAlignment.swift in Sources */ = {isa = PBXBuildFile; fileRef = 53DE97711E44AFFB00B78298 /* TZStackViewAlignment.swift */; };
		53DE97761E44AFFB00B78298 /* TZStackViewDistribution.swift in Sources */ = {isa = PBXBuildFile; fileRef = 53DE97721E44AFFB00B78298 /* TZStackViewDistribution.swift */; };
		53E2BF341E2A53BD008B3017 /* GroupAnswer.swift in Sources */ = {isa = PBXBuildFile; fileRef = 53E2BF331E2A53BD008B3017 /* GroupAnswer.swift */; };
		53E2BF361E2A5AE6008B3017 /* QueryActions.swift in Sources */ = {isa = PBXBuildFile; fileRef = 53E2BF351E2A5AE6008B3017 /* QueryActions.swift */; };
		53E2BF381E2A60FF008B3017 /* Pollster+QuestionFunc.swift in Sources */ = {isa = PBXBuildFile; fileRef = 53E2BF371E2A60FF008B3017 /* Pollster+QuestionFunc.swift */; };
		53E2BF3A1E2B7492008B3017 /* ReadJSONs.swift in Sources */ = {isa = PBXBuildFile; fileRef = 53E2BF391E2B7492008B3017 /* ReadJSONs.swift */; };
		53E2BF3C1E2B761A008B3017 /* ViewController+TaskDelegate.swift in Sources */ = {isa = PBXBuildFile; fileRef = 53E2BF3B1E2B761A008B3017 /* ViewController+TaskDelegate.swift */; };
/* End PBXBuildFile section */

/* Begin PBXCopyFilesBuildPhase section */
		53187F701E15311300484994 /* Embed Frameworks */ = {
			isa = PBXCopyFilesBuildPhase;
			buildActionMask = 2147483647;
			dstPath = "";
			dstSubfolderSpec = 10;
			files = (
			);
			name = "Embed Frameworks";
			runOnlyForDeploymentPostprocessing = 0;
		};
/* End PBXCopyFilesBuildPhase section */

/* Begin PBXFileReference section */
		5309B1361E2F71B30096A4FC /* Server.swift */ = {isa = PBXFileReference; fileEncoding = 4; lastKnownFileType = sourcecode.swift; path = Server.swift; sourceTree = "<group>"; };
		5309B13A1E30C4490096A4FC /* Analyse+Subject.swift */ = {isa = PBXFileReference; fileEncoding = 4; lastKnownFileType = sourcecode.swift; path = "Analyse+Subject.swift"; sourceTree = "<group>"; };
		53187F481E152DE300484994 /* Otsimo Test.app */ = {isa = PBXFileReference; explicitFileType = wrapper.application; includeInIndex = 0; path = "Otsimo Test.app"; sourceTree = BUILT_PRODUCTS_DIR; };
		53187F4B1E152DE300484994 /* AppDelegate.swift */ = {isa = PBXFileReference; lastKnownFileType = sourcecode.swift; path = AppDelegate.swift; sourceTree = "<group>"; };
		53187F4D1E152DE300484994 /* ViewController.swift */ = {isa = PBXFileReference; lastKnownFileType = sourcecode.swift; path = ViewController.swift; sourceTree = "<group>"; };
		53187F501E152DE300484994 /* Base */ = {isa = PBXFileReference; lastKnownFileType = file.storyboard; name = Base; path = Base.lproj/Main.storyboard; sourceTree = "<group>"; };
		53187F521E152DE300484994 /* Assets.xcassets */ = {isa = PBXFileReference; lastKnownFileType = folder.assetcatalog; path = Assets.xcassets; sourceTree = "<group>"; };
		53187F551E152DE300484994 /* Base */ = {isa = PBXFileReference; lastKnownFileType = file.storyboard; name = Base; path = Base.lproj/LaunchScreen.storyboard; sourceTree = "<group>"; };
		53187F571E152DE300484994 /* Info.plist */ = {isa = PBXFileReference; lastKnownFileType = text.plist.xml; path = Info.plist; sourceTree = "<group>"; };
		5318834F1E15366A00484994 /* ResearchKit.framework */ = {isa = PBXFileReference; lastKnownFileType = wrapper.framework; name = ResearchKit.framework; path = /Users/muhammed/Developer/OtsimoTest/Carthage/Build/iOS/ResearchKit.framework; sourceTree = "<absolute>"; };
		531883531E15371C00484994 /* ConsentDocument.swift */ = {isa = PBXFileReference; fileEncoding = 4; lastKnownFileType = sourcecode.swift; path = ConsentDocument.swift; sourceTree = "<group>"; };
		531883551E1537D700484994 /* ConsentTask.swift */ = {isa = PBXFileReference; fileEncoding = 4; lastKnownFileType = sourcecode.swift; path = ConsentTask.swift; sourceTree = "<group>"; };
		5326EDED1E45E55B001F494B /* ifaddrs.h */ = {isa = PBXFileReference; lastKnownFileType = sourcecode.c.h; path = ifaddrs.h; sourceTree = "<group>"; };
		532A8B001E1D7EC700F1F6E3 /* SwiftProtobuf.framework */ = {isa = PBXFileReference; lastKnownFileType = wrapper.framework; name = SwiftProtobuf.framework; path = /Users/muhammed/Developer/OtsimoTest/Carthage/Build/iOS/SwiftProtobuf.framework; sourceTree = "<absolute>"; };
		532A8B061E1D808F00F1F6E3 /* m-chat.pb.swift */ = {isa = PBXFileReference; fileEncoding = 4; lastKnownFileType = sourcecode.swift; path = "m-chat.pb.swift"; sourceTree = "<group>"; };
		532A8B091E1D847F00F1F6E3 /* m-chat.proto */ = {isa = PBXFileReference; lastKnownFileType = text; name = "m-chat.proto"; path = "protos/m-chat.proto"; sourceTree = "<group>"; };
		532A8B0A1E1D861200F1F6E3 /* questions */ = {isa = PBXFileReference; lastKnownFileType = folder; path = questions; sourceTree = "<group>"; };
		532A8B101E20423800F1F6E3 /* Pollster.swift */ = {isa = PBXFileReference; fileEncoding = 4; lastKnownFileType = sourcecode.swift; path = Pollster.swift; sourceTree = "<group>"; };
		532A8B131E204B4500F1F6E3 /* Log.swift */ = {isa = PBXFileReference; fileEncoding = 4; lastKnownFileType = sourcecode.swift; path = Log.swift; sourceTree = "<group>"; };
		53358FD11E2E81F600634C80 /* DeviceInfo.swift */ = {isa = PBXFileReference; fileEncoding = 4; lastKnownFileType = sourcecode.swift; path = DeviceInfo.swift; sourceTree = "<group>"; };
		534A3B781E40B94E005FA5F3 /* ViewController+CollectionDataSource.swift */ = {isa = PBXFileReference; fileEncoding = 4; lastKnownFileType = sourcecode.swift; name = "ViewController+CollectionDataSource.swift"; path = "../ViewController+CollectionDataSource.swift"; sourceTree = "<group>"; };
		534A3B7A1E40B96C005FA5F3 /* ViewController+CollectionDelegateFlowLayout.swift */ = {isa = PBXFileReference; fileEncoding = 4; lastKnownFileType = sourcecode.swift; name = "ViewController+CollectionDelegateFlowLayout.swift"; path = "../ViewController+CollectionDelegateFlowLayout.swift"; sourceTree = "<group>"; };
		534A3B811E40BD14005FA5F3 /* 1.html */ = {isa = PBXFileReference; fileEncoding = 4; lastKnownFileType = text.html; name = 1.html; path = HTMLContent/1.html; sourceTree = SOURCE_ROOT; };
		534A3B821E40BD14005FA5F3 /* 2.html */ = {isa = PBXFileReference; fileEncoding = 4; lastKnownFileType = text.html; name = 2.html; path = HTMLContent/2.html; sourceTree = SOURCE_ROOT; };
		534A3B871E40C4EA005FA5F3 /* WalkThroughCell.swift */ = {isa = PBXFileReference; fileEncoding = 4; lastKnownFileType = sourcecode.swift; name = WalkThroughCell.swift; path = ../WalkThroughCell.swift; sourceTree = "<group>"; };
		534A3B881E40C4EA005FA5F3 /* WalkThroughCell.xib */ = {isa = PBXFileReference; fileEncoding = 4; lastKnownFileType = file.xib; name = WalkThroughCell.xib; path = ../WalkThroughCell.xib; sourceTree = "<group>"; };
		534B8A491E3F568500518E95 /* Tasks.swift */ = {isa = PBXFileReference; fileEncoding = 4; lastKnownFileType = sourcecode.swift; path = Tasks.swift; sourceTree = "<group>"; };
		534B8A4B1E3F7A0D00518E95 /* ViewController+ResultPopup.swift */ = {isa = PBXFileReference; fileEncoding = 4; lastKnownFileType = sourcecode.swift; path = "ViewController+ResultPopup.swift"; sourceTree = "<group>"; };
		534B8A4D1E3F7D7800518E95 /* SendEmailPopup.xib */ = {isa = PBXFileReference; fileEncoding = 4; lastKnownFileType = file.xib; path = SendEmailPopup.xib; sourceTree = "<group>"; };
		534B8A4F1E3F828F00518E95 /* SurveryTask extension.swift */ = {isa = PBXFileReference; fileEncoding = 4; lastKnownFileType = sourcecode.swift; path = "SurveryTask extension.swift"; sourceTree = "<group>"; };
		534D5BEA1E35E400001AB543 /* Otsimo Test-Bridging-Header.h */ = {isa = PBXFileReference; lastKnownFileType = sourcecode.c.h; path = "Otsimo Test-Bridging-Header.h"; sourceTree = "<group>"; };
		534E070D1E2E39D80034F94B /* result.proto */ = {isa = PBXFileReference; fileEncoding = 4; lastKnownFileType = text; name = result.proto; path = protos/result.proto; sourceTree = "<group>"; };
		53734D8B1E16DC03009875B8 /* SurveyTask.swift */ = {isa = PBXFileReference; fileEncoding = 4; lastKnownFileType = sourcecode.swift; path = SurveyTask.swift; sourceTree = "<group>"; };
		53734D941E16F005009875B8 /* tr */ = {isa = PBXFileReference; lastKnownFileType = text.plist.strings; name = tr; path = tr.lproj/Localizable.strings; sourceTree = "<group>"; };
		53734D961E16F009009875B8 /* Base */ = {isa = PBXFileReference; lastKnownFileType = text.plist.strings; name = Base; path = Base.lproj/Localizable.strings; sourceTree = "<group>"; };
		537C9D7D1E3F49310054AFA0 /* Analytics.swift */ = {isa = PBXFileReference; fileEncoding = 4; lastKnownFileType = sourcecode.swift; name = Analytics.swift; path = Analytics/Analytics.swift; sourceTree = "<group>"; };
		537C9D7E1E3F49310054AFA0 /* GA.swift */ = {isa = PBXFileReference; fileEncoding = 4; lastKnownFileType = sourcecode.swift; name = GA.swift; path = Analytics/GA.swift; sourceTree = "<group>"; };
		537C9D811E3F4D4D0054AFA0 /* SurveyAnalytics.swift */ = {isa = PBXFileReference; fileEncoding = 4; lastKnownFileType = sourcecode.swift; path = SurveyAnalytics.swift; sourceTree = "<group>"; };
		537C9D851E3F4FC40054AFA0 /* libGoogleAnalyticsServices.a */ = {isa = PBXFileReference; lastKnownFileType = archive.ar; name = libGoogleAnalyticsServices.a; path = third_party/GoogleAnalyticsServicesiOS_3.16/libGoogleAnalyticsServices.a; sourceTree = "<group>"; };
		537C9D871E3F50820054AFA0 /* CoreData.framework */ = {isa = PBXFileReference; lastKnownFileType = wrapper.framework; name = CoreData.framework; path = System/Library/Frameworks/CoreData.framework; sourceTree = SDKROOT; };
		537C9D891E3F50870054AFA0 /* SystemConfiguration.framework */ = {isa = PBXFileReference; lastKnownFileType = wrapper.framework; name = SystemConfiguration.framework; path = System/Library/Frameworks/SystemConfiguration.framework; sourceTree = SDKROOT; };
		537FA3081E433A4F00D33F33 /* zh-Hans */ = {isa = PBXFileReference; lastKnownFileType = text.plist.strings; name = "zh-Hans"; path = "zh-Hans.lproj/Localizable.strings"; sourceTree = "<group>"; };
		538BCD1F1E2CF240009F56EB /* InfoTask.swift */ = {isa = PBXFileReference; fileEncoding = 4; lastKnownFileType = sourcecode.swift; path = InfoTask.swift; sourceTree = "<group>"; };
		538BCD261E2D14BD009F56EB /* result.pb.swift */ = {isa = PBXFileReference; fileEncoding = 4; lastKnownFileType = sourcecode.swift; name = result.pb.swift; path = protos/result.pb.swift; sourceTree = SOURCE_ROOT; };
		538BCD291E2D1D47009F56EB /* Analyse.swift */ = {isa = PBXFileReference; fileEncoding = 4; lastKnownFileType = sourcecode.swift; path = Analyse.swift; sourceTree = "<group>"; };
		53B2BD4F1E3AC232001EC7E1 /* MediumResultPopup.xib */ = {isa = PBXFileReference; fileEncoding = 4; lastKnownFileType = file.xib; path = MediumResultPopup.xib; sourceTree = "<group>"; };
		53B2BD511E3AC243001EC7E1 /* LowResultPopup.xib */ = {isa = PBXFileReference; fileEncoding = 4; lastKnownFileType = file.xib; path = LowResultPopup.xib; sourceTree = "<group>"; };
		53B2BD531E3AC810001EC7E1 /* HighResultPopupController.swift */ = {isa = PBXFileReference; fileEncoding = 4; lastKnownFileType = sourcecode.swift; path = HighResultPopupController.swift; sourceTree = "<group>"; };
		53B2BD5F1E3B7293001EC7E1 /* HighResultPopup.xib */ = {isa = PBXFileReference; fileEncoding = 4; lastKnownFileType = file.xib; path = HighResultPopup.xib; sourceTree = "<group>"; };
		53B2BD611E3B803D001EC7E1 /* MediumResultPopupController.swift */ = {isa = PBXFileReference; fileEncoding = 4; lastKnownFileType = sourcecode.swift; path = MediumResultPopupController.swift; sourceTree = "<group>"; };
		53B2BD631E3B8051001EC7E1 /* LowResultPopupController.swift */ = {isa = PBXFileReference; fileEncoding = 4; lastKnownFileType = sourcecode.swift; path = LowResultPopupController.swift; sourceTree = "<group>"; };
		53C411741E43AD250094435E /* ViewControll+ScrollViewDelegate.swift */ = {isa = PBXFileReference; fileEncoding = 4; lastKnownFileType = sourcecode.swift; path = "ViewControll+ScrollViewDelegate.swift"; sourceTree = "<group>"; };
		53DE97491E44AEFB00B78298 /* FXBlurView.h */ = {isa = PBXFileReference; fileEncoding = 4; lastKnownFileType = sourcecode.c.h; path = FXBlurView.h; sourceTree = "<group>"; };
		53DE974A1E44AEFB00B78298 /* FXBlurView.m */ = {isa = PBXFileReference; fileEncoding = 4; lastKnownFileType = sourcecode.c.objc; path = FXBlurView.m; sourceTree = "<group>"; };
		53DE974B1E44AEFB00B78298 /* InteractiveTransition.swift */ = {isa = PBXFileReference; fileEncoding = 4; lastKnownFileType = sourcecode.swift; path = InteractiveTransition.swift; sourceTree = "<group>"; };
		53DE974C1E44AEFB00B78298 /* PopupDialog.swift */ = {isa = PBXFileReference; fileEncoding = 4; lastKnownFileType = sourcecode.swift; path = PopupDialog.swift; sourceTree = "<group>"; };
		53DE974D1E44AEFB00B78298 /* PopupDialog+Keyboard.swift */ = {isa = PBXFileReference; fileEncoding = 4; lastKnownFileType = sourcecode.swift; path = "PopupDialog+Keyboard.swift"; sourceTree = "<group>"; };
		53DE974E1E44AEFB00B78298 /* PopupDialogButton.swift */ = {isa = PBXFileReference; fileEncoding = 4; lastKnownFileType = sourcecode.swift; path = PopupDialogButton.swift; sourceTree = "<group>"; };
		53DE974F1E44AEFB00B78298 /* PopupDialogContainerView.swift */ = {isa = PBXFileReference; fileEncoding = 4; lastKnownFileType = sourcecode.swift; path = PopupDialogContainerView.swift; sourceTree = "<group>"; };
		53DE97501E44AEFB00B78298 /* PopupDialogDefaultButtons.swift */ = {isa = PBXFileReference; fileEncoding = 4; lastKnownFileType = sourcecode.swift; path = PopupDialogDefaultButtons.swift; sourceTree = "<group>"; };
		53DE97511E44AEFB00B78298 /* PopupDialogDefaultView.swift */ = {isa = PBXFileReference; fileEncoding = 4; lastKnownFileType = sourcecode.swift; path = PopupDialogDefaultView.swift; sourceTree = "<group>"; };
		53DE97521E44AEFB00B78298 /* PopupDialogDefaultViewController.swift */ = {isa = PBXFileReference; fileEncoding = 4; lastKnownFileType = sourcecode.swift; path = PopupDialogDefaultViewController.swift; sourceTree = "<group>"; };
		53DE97531E44AEFB00B78298 /* PopupDialogOverlayView.swift */ = {isa = PBXFileReference; fileEncoding = 4; lastKnownFileType = sourcecode.swift; path = PopupDialogOverlayView.swift; sourceTree = "<group>"; };
		53DE97541E44AEFB00B78298 /* PresentationController.swift */ = {isa = PBXFileReference; fileEncoding = 4; lastKnownFileType = sourcecode.swift; path = PresentationController.swift; sourceTree = "<group>"; };
		53DE97551E44AEFB00B78298 /* PresentationManager.swift */ = {isa = PBXFileReference; fileEncoding = 4; lastKnownFileType = sourcecode.swift; path = PresentationManager.swift; sourceTree = "<group>"; };
		53DE97561E44AEFB00B78298 /* TransitionAnimations.swift */ = {isa = PBXFileReference; fileEncoding = 4; lastKnownFileType = sourcecode.swift; path = TransitionAnimations.swift; sourceTree = "<group>"; };
		53DE97571E44AEFB00B78298 /* TransitionAnimator.swift */ = {isa = PBXFileReference; fileEncoding = 4; lastKnownFileType = sourcecode.swift; path = TransitionAnimator.swift; sourceTree = "<group>"; };
		53DE97591E44AEFB00B78298 /* UIImageView+Calculations.swift */ = {isa = PBXFileReference; fileEncoding = 4; lastKnownFileType = sourcecode.swift; path = "UIImageView+Calculations.swift"; sourceTree = "<group>"; };
		53DE975A1E44AEFB00B78298 /* UIView+Animations.swift */ = {isa = PBXFileReference; fileEncoding = 4; lastKnownFileType = sourcecode.swift; path = "UIView+Animations.swift"; sourceTree = "<group>"; };
		53DE975B1E44AEFB00B78298 /* UIViewController+Visibility.swift */ = {isa = PBXFileReference; fileEncoding = 4; lastKnownFileType = sourcecode.swift; path = "UIViewController+Visibility.swift"; sourceTree = "<group>"; };
		53DE976F1E44AFFB00B78298 /* TZSpacerView.swift */ = {isa = PBXFileReference; fileEncoding = 4; lastKnownFileType = sourcecode.swift; path = TZSpacerView.swift; sourceTree = "<group>"; };
		53DE97701E44AFFB00B78298 /* TZStackView.swift */ = {isa = PBXFileReference; fileEncoding = 4; lastKnownFileType = sourcecode.swift; path = TZStackView.swift; sourceTree = "<group>"; };
		53DE97711E44AFFB00B78298 /* TZStackViewAlignment.swift */ = {isa = PBXFileReference; fileEncoding = 4; lastKnownFileType = sourcecode.swift; path = TZStackViewAlignment.swift; sourceTree = "<group>"; };
		53DE97721E44AFFB00B78298 /* TZStackViewDistribution.swift */ = {isa = PBXFileReference; fileEncoding = 4; lastKnownFileType = sourcecode.swift; path = TZStackViewDistribution.swift; sourceTree = "<group>"; };
		53E2BF331E2A53BD008B3017 /* GroupAnswer.swift */ = {isa = PBXFileReference; fileEncoding = 4; lastKnownFileType = sourcecode.swift; path = GroupAnswer.swift; sourceTree = "<group>"; };
		53E2BF351E2A5AE6008B3017 /* QueryActions.swift */ = {isa = PBXFileReference; fileEncoding = 4; lastKnownFileType = sourcecode.swift; path = QueryActions.swift; sourceTree = "<group>"; };
		53E2BF371E2A60FF008B3017 /* Pollster+QuestionFunc.swift */ = {isa = PBXFileReference; fileEncoding = 4; lastKnownFileType = sourcecode.swift; path = "Pollster+QuestionFunc.swift"; sourceTree = "<group>"; };
		53E2BF391E2B7492008B3017 /* ReadJSONs.swift */ = {isa = PBXFileReference; fileEncoding = 4; lastKnownFileType = sourcecode.swift; path = ReadJSONs.swift; sourceTree = "<group>"; };
		53E2BF3B1E2B761A008B3017 /* ViewController+TaskDelegate.swift */ = {isa = PBXFileReference; fileEncoding = 4; lastKnownFileType = sourcecode.swift; path = "ViewController+TaskDelegate.swift"; sourceTree = "<group>"; };
/* End PBXFileReference section */

/* Begin PBXFrameworksBuildPhase section */
		53187F451E152DE300484994 /* Frameworks */ = {
			isa = PBXFrameworksBuildPhase;
			buildActionMask = 2147483647;
			files = (
				537C9D8A1E3F50870054AFA0 /* SystemConfiguration.framework in Frameworks */,
				537C9D881E3F50820054AFA0 /* CoreData.framework in Frameworks */,
				532A8B021E1D7ED600F1F6E3 /* SwiftProtobuf.framework in Frameworks */,
				537C9D861E3F4FC40054AFA0 /* libGoogleAnalyticsServices.a in Frameworks */,
				531883501E15366A00484994 /* ResearchKit.framework in Frameworks */,
			);
			runOnlyForDeploymentPostprocessing = 0;
		};
/* End PBXFrameworksBuildPhase section */

/* Begin PBXGroup section */
		5309B1391E30C4160096A4FC /* ResearchKit Tasks */ = {
			isa = PBXGroup;
			children = (
				534B8A491E3F568500518E95 /* Tasks.swift */,
				532A8B161E204B7000F1F6E3 /* Survey */,
				532A8B151E204B5200F1F6E3 /* Consent */,
				538BCD211E2CF24F009F56EB /* InfoTask */,
			);
			name = "ResearchKit Tasks";
			sourceTree = "<group>";
		};
		5309B13C1E30C5780096A4FC /* AnalyseResult */ = {
			isa = PBXGroup;
			children = (
				538BCD291E2D1D47009F56EB /* Analyse.swift */,
				5309B13A1E30C4490096A4FC /* Analyse+Subject.swift */,
			);
			name = AnalyseResult;
			sourceTree = "<group>";
		};
		53187F3F1E152DE300484994 = {
			isa = PBXGroup;
			children = (
				534A3B801E40BCAF005FA5F3 /* HTMLContent */,
				532A8B091E1D847F00F1F6E3 /* m-chat.proto */,
				534E070D1E2E39D80034F94B /* result.proto */,
				532A8B0A1E1D861200F1F6E3 /* questions */,
				53187F4A1E152DE300484994 /* Otsimo Test */,
				53187F491E152DE300484994 /* Products */,
				537C9D841E3F4FC30054AFA0 /* Frameworks */,
			);
			sourceTree = "<group>";
		};
		53187F491E152DE300484994 /* Products */ = {
			isa = PBXGroup;
			children = (
				53187F481E152DE300484994 /* Otsimo Test.app */,
			);
			name = Products;
			sourceTree = "<group>";
		};
		53187F4A1E152DE300484994 /* Otsimo Test */ = {
			isa = PBXGroup;
			children = (
				53DE97481E44AEED00B78298 /* PopupDialog */,
				534D5BEA1E35E400001AB543 /* Otsimo Test-Bridging-Header.h */,
				53187F571E152DE300484994 /* Info.plist */,
				53187F4B1E152DE300484994 /* AppDelegate.swift */,
				53358FD11E2E81F600634C80 /* DeviceInfo.swift */,
				5326EDED1E45E55B001F494B /* ifaddrs.h */,
				532A8B131E204B4500F1F6E3 /* Log.swift */,
				5309B1361E2F71B30096A4FC /* Server.swift */,
				5309B13C1E30C5780096A4FC /* AnalyseResult */,
				537C9D7A1E3F484D0054AFA0 /* Analytics */,
				53E2BF3D1E2B7691008B3017 /* Controller */,
				53734D951E16F005009875B8 /* Localizable.strings */,
				538BCD281E2D178B009F56EB /* protos */,
				5309B1391E30C4160096A4FC /* ResearchKit Tasks */,
				53B2BD681E3B80A8001EC7E1 /* View */,
			);
			path = "Otsimo Test";
			sourceTree = "<group>";
		};
		532A8B151E204B5200F1F6E3 /* Consent */ = {
			isa = PBXGroup;
			children = (
				531883531E15371C00484994 /* ConsentDocument.swift */,
				531883551E1537D700484994 /* ConsentTask.swift */,
			);
			name = Consent;
			sourceTree = "<group>";
		};
		532A8B161E204B7000F1F6E3 /* Survey */ = {
			isa = PBXGroup;
			children = (
				53734D8B1E16DC03009875B8 /* SurveyTask.swift */,
				534B8A4F1E3F828F00518E95 /* SurveryTask extension.swift */,
				532A8B101E20423800F1F6E3 /* Pollster.swift */,
				53E2BF371E2A60FF008B3017 /* Pollster+QuestionFunc.swift */,
				53E2BF391E2B7492008B3017 /* ReadJSONs.swift */,
				53E2BF351E2A5AE6008B3017 /* QueryActions.swift */,
				53E2BF331E2A53BD008B3017 /* GroupAnswer.swift */,
			);
			name = Survey;
			sourceTree = "<group>";
		};
		534A3B7E1E40BB40005FA5F3 /* CollectionView */ = {
			isa = PBXGroup;
			children = (
				534A3B8B1E40C4F6005FA5F3 /* WalkThroughCell */,
				534A3B781E40B94E005FA5F3 /* ViewController+CollectionDataSource.swift */,
				534A3B7A1E40B96C005FA5F3 /* ViewController+CollectionDelegateFlowLayout.swift */,
				53C411741E43AD250094435E /* ViewControll+ScrollViewDelegate.swift */,
			);
			name = CollectionView;
			sourceTree = "<group>";
		};
		534A3B801E40BCAF005FA5F3 /* HTMLContent */ = {
			isa = PBXGroup;
			children = (
				534A3B811E40BD14005FA5F3 /* 1.html */,
				534A3B821E40BD14005FA5F3 /* 2.html */,
			);
			name = HTMLContent;
			path = "Otsimo Test";
			sourceTree = "<group>";
		};
		534A3B8B1E40C4F6005FA5F3 /* WalkThroughCell */ = {
			isa = PBXGroup;
			children = (
				534A3B871E40C4EA005FA5F3 /* WalkThroughCell.swift */,
				534A3B881E40C4EA005FA5F3 /* WalkThroughCell.xib */,
			);
			name = WalkThroughCell;
			sourceTree = "<group>";
		};
		537C9D7A1E3F484D0054AFA0 /* Analytics */ = {
			isa = PBXGroup;
			children = (
				537C9D811E3F4D4D0054AFA0 /* SurveyAnalytics.swift */,
				537C9D7D1E3F49310054AFA0 /* Analytics.swift */,
				537C9D7E1E3F49310054AFA0 /* GA.swift */,
			);
			name = Analytics;
			sourceTree = "<group>";
		};
		537C9D841E3F4FC30054AFA0 /* Frameworks */ = {
			isa = PBXGroup;
			children = (
				537C9D891E3F50870054AFA0 /* SystemConfiguration.framework */,
				537C9D871E3F50820054AFA0 /* CoreData.framework */,
				537C9D851E3F4FC40054AFA0 /* libGoogleAnalyticsServices.a */,
			);
			name = Frameworks;
			sourceTree = "<group>";
		};
		538BCD211E2CF24F009F56EB /* InfoTask */ = {
			isa = PBXGroup;
			children = (
				538BCD1F1E2CF240009F56EB /* InfoTask.swift */,
			);
			name = InfoTask;
			sourceTree = "<group>";
		};
		538BCD281E2D178B009F56EB /* protos */ = {
			isa = PBXGroup;
			children = (
				532A8B061E1D808F00F1F6E3 /* m-chat.pb.swift */,
				538BCD261E2D14BD009F56EB /* result.pb.swift */,
			);
			name = protos;
			sourceTree = "<group>";
		};
		53B2BD651E3B806A001EC7E1 /* ViewController */ = {
			isa = PBXGroup;
			children = (
				534A3B7E1E40BB40005FA5F3 /* CollectionView */,
				53187F4D1E152DE300484994 /* ViewController.swift */,
				53E2BF3B1E2B761A008B3017 /* ViewController+TaskDelegate.swift */,
				534B8A4B1E3F7A0D00518E95 /* ViewController+ResultPopup.swift */,
			);
			name = ViewController;
			sourceTree = "<group>";
		};
		53B2BD661E3B8077001EC7E1 /* ResultPopupControllers */ = {
			isa = PBXGroup;
			children = (
				53B2BD531E3AC810001EC7E1 /* HighResultPopupController.swift */,
				53B2BD611E3B803D001EC7E1 /* MediumResultPopupController.swift */,
				53B2BD631E3B8051001EC7E1 /* LowResultPopupController.swift */,
			);
			name = ResultPopupControllers;
			sourceTree = "<group>";
		};
		53B2BD671E3B808D001EC7E1 /* ResultPopupViews */ = {
			isa = PBXGroup;
			children = (
				53B2BD5F1E3B7293001EC7E1 /* HighResultPopup.xib */,
				53B2BD4F1E3AC232001EC7E1 /* MediumResultPopup.xib */,
				53B2BD511E3AC243001EC7E1 /* LowResultPopup.xib */,
				534B8A4D1E3F7D7800518E95 /* SendEmailPopup.xib */,
			);
			name = ResultPopupViews;
			sourceTree = "<group>";
		};
		53B2BD681E3B80A8001EC7E1 /* View */ = {
			isa = PBXGroup;
			children = (
				53B2BD671E3B808D001EC7E1 /* ResultPopupViews */,
				53187F4F1E152DE300484994 /* Main.storyboard */,
				53187F521E152DE300484994 /* Assets.xcassets */,
				53187F541E152DE300484994 /* LaunchScreen.storyboard */,
			);
			name = View;
			sourceTree = "<group>";
		};
		53DE97481E44AEED00B78298 /* PopupDialog */ = {
			isa = PBXGroup;
			children = (
				53DE976E1E44AFE700B78298 /* TZStackView */,
				53DE97491E44AEFB00B78298 /* FXBlurView.h */,
				53DE974A1E44AEFB00B78298 /* FXBlurView.m */,
				53DE974B1E44AEFB00B78298 /* InteractiveTransition.swift */,
				53DE974C1E44AEFB00B78298 /* PopupDialog.swift */,
				53DE974D1E44AEFB00B78298 /* PopupDialog+Keyboard.swift */,
				53DE974E1E44AEFB00B78298 /* PopupDialogButton.swift */,
				53DE974F1E44AEFB00B78298 /* PopupDialogContainerView.swift */,
				53DE97501E44AEFB00B78298 /* PopupDialogDefaultButtons.swift */,
				53DE97511E44AEFB00B78298 /* PopupDialogDefaultView.swift */,
				53DE97521E44AEFB00B78298 /* PopupDialogDefaultViewController.swift */,
				53DE97531E44AEFB00B78298 /* PopupDialogOverlayView.swift */,
				53DE97541E44AEFB00B78298 /* PresentationController.swift */,
				53DE97551E44AEFB00B78298 /* PresentationManager.swift */,
				53DE97561E44AEFB00B78298 /* TransitionAnimations.swift */,
				53DE97571E44AEFB00B78298 /* TransitionAnimator.swift */,
				53DE97591E44AEFB00B78298 /* UIImageView+Calculations.swift */,
				53DE975A1E44AEFB00B78298 /* UIView+Animations.swift */,
				53DE975B1E44AEFB00B78298 /* UIViewController+Visibility.swift */,
			);
			name = PopupDialog;
			sourceTree = "<group>";
		};
		53DE976E1E44AFE700B78298 /* TZStackView */ = {
			isa = PBXGroup;
			children = (
				53DE976F1E44AFFB00B78298 /* TZSpacerView.swift */,
				53DE97701E44AFFB00B78298 /* TZStackView.swift */,
				53DE97711E44AFFB00B78298 /* TZStackViewAlignment.swift */,
				53DE97721E44AFFB00B78298 /* TZStackViewDistribution.swift */,
			);
			name = TZStackView;
			sourceTree = "<group>";
		};
		53E2BF3D1E2B7691008B3017 /* Controller */ = {
			isa = PBXGroup;
			children = (
				53B2BD651E3B806A001EC7E1 /* ViewController */,
				53B2BD661E3B8077001EC7E1 /* ResultPopupControllers */,
			);
			name = Controller;
			sourceTree = "<group>";
		};
/* End PBXGroup section */

/* Begin PBXNativeTarget section */
		53187F471E152DE300484994 /* Otsimo Test */ = {
			isa = PBXNativeTarget;
			buildConfigurationList = 53187F5A1E152DE300484994 /* Build configuration list for PBXNativeTarget "Otsimo Test" */;
			buildPhases = (
				53187F441E152DE300484994 /* Sources */,
				53187F451E152DE300484994 /* Frameworks */,
				53187F461E152DE300484994 /* Resources */,
				53187F701E15311300484994 /* Embed Frameworks */,
				532A8B081E1D812800F1F6E3 /* Carthage */,
			);
			buildRules = (
			);
			dependencies = (
			);
			name = "Otsimo Test";
			productName = "Otsimo Test";
			productReference = 53187F481E152DE300484994 /* Otsimo Test.app */;
			productType = "com.apple.product-type.application";
		};
/* End PBXNativeTarget section */

/* Begin PBXProject section */
		53187F401E152DE300484994 /* Project object */ = {
			isa = PBXProject;
			attributes = {
				LastSwiftUpdateCheck = 0810;
				LastUpgradeCheck = 0820;
				ORGANIZATIONNAME = mdemirci;
				TargetAttributes = {
					53187F471E152DE300484994 = {
						CreatedOnToolsVersion = 8.1;
						DevelopmentTeam = LUBGWANK4N;
						LastSwiftMigration = 0820;
						ProvisioningStyle = Automatic;
					};
				};
			};
			buildConfigurationList = 53187F431E152DE300484994 /* Build configuration list for PBXProject "OtsimoTest" */;
			compatibilityVersion = "Xcode 3.2";
			developmentRegion = English;
			hasScannedForEncodings = 0;
			knownRegions = (
				en,
				Base,
				ar,
				ca,
				cs,
				da,
				de,
				el,
				en_AU,
				en_GB,
				es,
				es_MX,
				fi,
				fr,
				fr_CA,
				he,
				hi,
				hr,
				hu,
				id,
				it,
				ja,
				ko,
				ms,
				nl,
				no,
				pl,
				pt,
				pt_PT,
				ro,
				ru,
				sk,
				sv,
				th,
				tr,
				uk,
				vi,
				zh_CN,
				zh_HK,
				zh_TW,
				"es-MX",
				nb,
				"pt-PT",
				"zh-Hans",
				"zh-Hant",
			);
			mainGroup = 53187F3F1E152DE300484994;
			productRefGroup = 53187F491E152DE300484994 /* Products */;
			projectDirPath = "";
			projectRoot = "";
			targets = (
				53187F471E152DE300484994 /* Otsimo Test */,
			);
		};
/* End PBXProject section */

/* Begin PBXResourcesBuildPhase section */
		53187F461E152DE300484994 /* Resources */ = {
			isa = PBXResourcesBuildPhase;
			buildActionMask = 2147483647;
			files = (
				53734D931E16F005009875B8 /* Localizable.strings in Resources */,
				53187F561E152DE300484994 /* LaunchScreen.storyboard in Resources */,
				53B2BD501E3AC232001EC7E1 /* MediumResultPopup.xib in Resources */,
				53187F531E152DE300484994 /* Assets.xcassets in Resources */,
				53B2BD521E3AC243001EC7E1 /* LowResultPopup.xib in Resources */,
				534A3B831E40BD14005FA5F3 /* 1.html in Resources */,
				534E070E1E2E39D80034F94B /* result.proto in Resources */,
				532A8B0B1E1D861200F1F6E3 /* questions in Resources */,
				53187F511E152DE300484994 /* Main.storyboard in Resources */,
				53B2BD601E3B7293001EC7E1 /* HighResultPopup.xib in Resources */,
				534B8A4E1E3F7D7800518E95 /* SendEmailPopup.xib in Resources */,
				534A3B8A1E40C4EA005FA5F3 /* WalkThroughCell.xib in Resources */,
				534A3B841E40BD14005FA5F3 /* 2.html in Resources */,
			);
			runOnlyForDeploymentPostprocessing = 0;
		};
/* End PBXResourcesBuildPhase section */

/* Begin PBXShellScriptBuildPhase section */
		532A8B081E1D812800F1F6E3 /* Carthage */ = {
			isa = PBXShellScriptBuildPhase;
			buildActionMask = 2147483647;
			files = (
			);
			inputPaths = (
				"$(SRCROOT)/Carthage/Build/iOS/ResearchKit.framework",
				"$(SRCROOT)/Carthage/Build/iOS/SwiftProtobuf.framework",
			);
			name = Carthage;
			outputPaths = (
			);
			runOnlyForDeploymentPostprocessing = 0;
			shellPath = /bin/sh;
			shellScript = "/usr/local/bin/carthage copy-frameworks";
		};
/* End PBXShellScriptBuildPhase section */

/* Begin PBXSourcesBuildPhase section */
		53187F441E152DE300484994 /* Sources */ = {
			isa = PBXSourcesBuildPhase;
			buildActionMask = 2147483647;
			files = (
				537C9D821E3F4D4D0054AFA0 /* SurveyAnalytics.swift in Sources */,
				53DE976B1E44AEFB00B78298 /* UIImageView+Calculations.swift in Sources */,
				53DE97691E44AEFB00B78298 /* TransitionAnimator.swift in Sources */,
				534A3B7B1E40B96C005FA5F3 /* ViewController+CollectionDelegateFlowLayout.swift in Sources */,
				53DE97621E44AEFB00B78298 /* PopupDialogDefaultButtons.swift in Sources */,
				534B8A4C1E3F7A0D00518E95 /* ViewController+ResultPopup.swift in Sources */,
				53E2BF3C1E2B761A008B3017 /* ViewController+TaskDelegate.swift in Sources */,
				53E2BF361E2A5AE6008B3017 /* QueryActions.swift in Sources */,
				53DE975C1E44AEFB00B78298 /* FXBlurView.m in Sources */,
				53B2BD541E3AC810001EC7E1 /* HighResultPopupController.swift in Sources */,
				53187F4E1E152DE300484994 /* ViewController.swift in Sources */,
				53B2BD621E3B803D001EC7E1 /* MediumResultPopupController.swift in Sources */,
				53DE97681E44AEFB00B78298 /* TransitionAnimations.swift in Sources */,
				53DE975F1E44AEFB00B78298 /* PopupDialog+Keyboard.swift in Sources */,
				53DE97731E44AFFB00B78298 /* TZSpacerView.swift in Sources */,
				532A8B141E204B4500F1F6E3 /* Log.swift in Sources */,
				53E2BF3A1E2B7492008B3017 /* ReadJSONs.swift in Sources */,
				53B2BD641E3B8051001EC7E1 /* LowResultPopupController.swift in Sources */,
				5309B1371E2F71B30096A4FC /* Server.swift in Sources */,
				534B8A4A1E3F568500518E95 /* Tasks.swift in Sources */,
				53DE97651E44AEFB00B78298 /* PopupDialogOverlayView.swift in Sources */,
				534A3B891E40C4EA005FA5F3 /* WalkThroughCell.swift in Sources */,
				53DE97601E44AEFB00B78298 /* PopupDialogButton.swift in Sources */,
				53DE97671E44AEFB00B78298 /* PresentationManager.swift in Sources */,
				53DE97741E44AFFB00B78298 /* TZStackView.swift in Sources */,
				53DE975D1E44AEFB00B78298 /* InteractiveTransition.swift in Sources */,
				532A8B111E20423800F1F6E3 /* Pollster.swift in Sources */,
				53734D8C1E16DC03009875B8 /* SurveyTask.swift in Sources */,
				534B8A501E3F828F00518E95 /* SurveryTask extension.swift in Sources */,
				53DE976D1E44AEFB00B78298 /* UIViewController+Visibility.swift in Sources */,
				53DE97761E44AFFB00B78298 /* TZStackViewDistribution.swift in Sources */,
				537C9D801E3F49310054AFA0 /* GA.swift in Sources */,
				53DE97751E44AFFB00B78298 /* TZStackViewAlignment.swift in Sources */,
				5309B13B1E30C4490096A4FC /* Analyse+Subject.swift in Sources */,
				53358FD21E2E81F600634C80 /* DeviceInfo.swift in Sources */,
				537C9D7F1E3F49310054AFA0 /* Analytics.swift in Sources */,
				531883561E1537D700484994 /* ConsentTask.swift in Sources */,
				53DE97631E44AEFB00B78298 /* PopupDialogDefaultView.swift in Sources */,
				538BCD2A1E2D1D47009F56EB /* Analyse.swift in Sources */,
				538BCD201E2CF240009F56EB /* InfoTask.swift in Sources */,
				53C411751E43AD250094435E /* ViewControll+ScrollViewDelegate.swift in Sources */,
				53DE97641E44AEFB00B78298 /* PopupDialogDefaultViewController.swift in Sources */,
				538BCD271E2D14BD009F56EB /* result.pb.swift in Sources */,
				531883541E15371C00484994 /* ConsentDocument.swift in Sources */,
				532A8B071E1D808F00F1F6E3 /* m-chat.pb.swift in Sources */,
				53E2BF341E2A53BD008B3017 /* GroupAnswer.swift in Sources */,
				53DE976C1E44AEFB00B78298 /* UIView+Animations.swift in Sources */,
				53DE97611E44AEFB00B78298 /* PopupDialogContainerView.swift in Sources */,
				53187F4C1E152DE300484994 /* AppDelegate.swift in Sources */,
				534A3B791E40B94E005FA5F3 /* ViewController+CollectionDataSource.swift in Sources */,
				53DE975E1E44AEFB00B78298 /* PopupDialog.swift in Sources */,
				53DE97661E44AEFB00B78298 /* PresentationController.swift in Sources */,
				53E2BF381E2A60FF008B3017 /* Pollster+QuestionFunc.swift in Sources */,
			);
			runOnlyForDeploymentPostprocessing = 0;
		};
/* End PBXSourcesBuildPhase section */

/* Begin PBXVariantGroup section */
		53187F4F1E152DE300484994 /* Main.storyboard */ = {
			isa = PBXVariantGroup;
			children = (
				53187F501E152DE300484994 /* Base */,
			);
			name = Main.storyboard;
			sourceTree = "<group>";
		};
		53187F541E152DE300484994 /* LaunchScreen.storyboard */ = {
			isa = PBXVariantGroup;
			children = (
				53187F551E152DE300484994 /* Base */,
			);
			name = LaunchScreen.storyboard;
			sourceTree = "<group>";
		};
		53734D951E16F005009875B8 /* Localizable.strings */ = {
			isa = PBXVariantGroup;
			children = (
				53734D941E16F005009875B8 /* tr */,
				53734D961E16F009009875B8 /* Base */,
				537FA3081E433A4F00D33F33 /* zh-Hans */,
			);
			name = Localizable.strings;
			path = ..;
			sourceTree = "<group>";
		};
/* End PBXVariantGroup section */

/* Begin XCBuildConfiguration section */
		53187F581E152DE300484994 /* Debug */ = {
			isa = XCBuildConfiguration;
			buildSettings = {
				ALWAYS_SEARCH_USER_PATHS = NO;
				CLANG_ANALYZER_LOCALIZABILITY_NONLOCALIZED = YES;
				CLANG_ANALYZER_NONNULL = YES;
				CLANG_CXX_LANGUAGE_STANDARD = "gnu++0x";
				CLANG_CXX_LIBRARY = "libc++";
				CLANG_ENABLE_MODULES = YES;
				CLANG_ENABLE_OBJC_ARC = YES;
				CLANG_WARN_BOOL_CONVERSION = YES;
				CLANG_WARN_CONSTANT_CONVERSION = YES;
				CLANG_WARN_DIRECT_OBJC_ISA_USAGE = YES_ERROR;
				CLANG_WARN_DOCUMENTATION_COMMENTS = YES;
				CLANG_WARN_EMPTY_BODY = YES;
				CLANG_WARN_ENUM_CONVERSION = YES;
				CLANG_WARN_INFINITE_RECURSION = YES;
				CLANG_WARN_INT_CONVERSION = YES;
				CLANG_WARN_OBJC_ROOT_CLASS = YES_ERROR;
				CLANG_WARN_SUSPICIOUS_MOVE = YES;
				CLANG_WARN_SUSPICIOUS_MOVES = YES;
				CLANG_WARN_UNREACHABLE_CODE = YES;
				CLANG_WARN__DUPLICATE_METHOD_MATCH = YES;
				"CODE_SIGN_IDENTITY[sdk=iphoneos*]" = "iPhone Developer";
				COPY_PHASE_STRIP = NO;
				DEBUG_INFORMATION_FORMAT = dwarf;
				ENABLE_STRICT_OBJC_MSGSEND = YES;
				ENABLE_TESTABILITY = YES;
				GCC_C_LANGUAGE_STANDARD = gnu99;
				GCC_DYNAMIC_NO_PIC = NO;
				GCC_NO_COMMON_BLOCKS = YES;
				GCC_OPTIMIZATION_LEVEL = 0;
				GCC_PREPROCESSOR_DEFINITIONS = (
					"DEBUG=1",
					"$(inherited)",
				);
				GCC_WARN_64_TO_32_BIT_CONVERSION = YES;
				GCC_WARN_ABOUT_RETURN_TYPE = YES_ERROR;
				GCC_WARN_UNDECLARED_SELECTOR = YES;
				GCC_WARN_UNINITIALIZED_AUTOS = YES_AGGRESSIVE;
				GCC_WARN_UNUSED_FUNCTION = YES;
				GCC_WARN_UNUSED_VARIABLE = YES;
				IPHONEOS_DEPLOYMENT_TARGET = 9.0;
				MTL_ENABLE_DEBUG_INFO = YES;
				ONLY_ACTIVE_ARCH = YES;
				SDKROOT = iphoneos;
				SWIFT_ACTIVE_COMPILATION_CONDITIONS = DEBUG;
				SWIFT_OPTIMIZATION_LEVEL = "-Onone";
				TARGETED_DEVICE_FAMILY = "1,2";
			};
			name = Debug;
		};
		53187F591E152DE300484994 /* Release */ = {
			isa = XCBuildConfiguration;
			buildSettings = {
				ALWAYS_SEARCH_USER_PATHS = NO;
				CLANG_ANALYZER_LOCALIZABILITY_NONLOCALIZED = YES;
				CLANG_ANALYZER_NONNULL = YES;
				CLANG_CXX_LANGUAGE_STANDARD = "gnu++0x";
				CLANG_CXX_LIBRARY = "libc++";
				CLANG_ENABLE_MODULES = YES;
				CLANG_ENABLE_OBJC_ARC = YES;
				CLANG_WARN_BOOL_CONVERSION = YES;
				CLANG_WARN_CONSTANT_CONVERSION = YES;
				CLANG_WARN_DIRECT_OBJC_ISA_USAGE = YES_ERROR;
				CLANG_WARN_DOCUMENTATION_COMMENTS = YES;
				CLANG_WARN_EMPTY_BODY = YES;
				CLANG_WARN_ENUM_CONVERSION = YES;
				CLANG_WARN_INFINITE_RECURSION = YES;
				CLANG_WARN_INT_CONVERSION = YES;
				CLANG_WARN_OBJC_ROOT_CLASS = YES_ERROR;
				CLANG_WARN_SUSPICIOUS_MOVE = YES;
				CLANG_WARN_SUSPICIOUS_MOVES = YES;
				CLANG_WARN_UNREACHABLE_CODE = YES;
				CLANG_WARN__DUPLICATE_METHOD_MATCH = YES;
				"CODE_SIGN_IDENTITY[sdk=iphoneos*]" = "iPhone Developer";
				COPY_PHASE_STRIP = NO;
				DEBUG_INFORMATION_FORMAT = "dwarf-with-dsym";
				ENABLE_NS_ASSERTIONS = NO;
				ENABLE_STRICT_OBJC_MSGSEND = YES;
				GCC_C_LANGUAGE_STANDARD = gnu99;
				GCC_NO_COMMON_BLOCKS = YES;
				GCC_WARN_64_TO_32_BIT_CONVERSION = YES;
				GCC_WARN_ABOUT_RETURN_TYPE = YES_ERROR;
				GCC_WARN_UNDECLARED_SELECTOR = YES;
				GCC_WARN_UNINITIALIZED_AUTOS = YES_AGGRESSIVE;
				GCC_WARN_UNUSED_FUNCTION = YES;
				GCC_WARN_UNUSED_VARIABLE = YES;
				IPHONEOS_DEPLOYMENT_TARGET = 9.0;
				MTL_ENABLE_DEBUG_INFO = NO;
				SDKROOT = iphoneos;
				SWIFT_OPTIMIZATION_LEVEL = "-Owholemodule";
				TARGETED_DEVICE_FAMILY = "1,2";
				VALIDATE_PRODUCT = YES;
			};
			name = Release;
		};
		53187F5B1E152DE300484994 /* Debug */ = {
			isa = XCBuildConfiguration;
			buildSettings = {
				ALWAYS_EMBED_SWIFT_STANDARD_LIBRARIES = YES;
				ASSETCATALOG_COMPILER_APPICON_NAME = AppIcon;
				CLANG_ENABLE_MODULES = YES;
				DEVELOPMENT_TEAM = LUBGWANK4N;
				FRAMEWORK_SEARCH_PATHS = (
					"$(inherited)",
					"$(PROJECT_DIR)/Carthage/Build/iOS",
				);
				HEADER_SEARCH_PATHS = (
					"\"$(SRCROOT)/third_party/GoogleAnalyticsServicesiOS_3.16/GoogleAnalytics/Library\"",
					"\"$(SRCROOT)/third_party/GoogleAnalyticsServicesiOS_3.16/GoogleTagManager/Library\"",
				);
				INFOPLIST_FILE = "Otsimo Test/Info.plist";
				IPHONEOS_DEPLOYMENT_TARGET = 9.0;
				LD_RUNPATH_SEARCH_PATHS = "$(inherited) @executable_path/Frameworks";
				LIBRARY_SEARCH_PATHS = (
					"$(inherited)",
					"\"$(SRCROOT)/third_party/GoogleAnalyticsServicesiOS_3.16\"",
				);
				OTHER_LDFLAGS = (
					"$(OTHER_LDFLAGS)",
					"-ObjC",
					"-lz",
					"-lsqlite3",
				);
				PRODUCT_BUNDLE_IDENTIFIER = com.otsimo.mchat;
				PRODUCT_NAME = "$(TARGET_NAME)";
				SWIFT_OBJC_BRIDGING_HEADER = "Otsimo Test/Otsimo Test-Bridging-Header.h";
				SWIFT_OPTIMIZATION_LEVEL = "-Onone";
				SWIFT_VERSION = 3.0;
			};
			name = Debug;
		};
		53187F5C1E152DE300484994 /* Release */ = {
			isa = XCBuildConfiguration;
			buildSettings = {
				ALWAYS_EMBED_SWIFT_STANDARD_LIBRARIES = YES;
				ASSETCATALOG_COMPILER_APPICON_NAME = AppIcon;
				CLANG_ENABLE_MODULES = YES;
				DEVELOPMENT_TEAM = LUBGWANK4N;
				FRAMEWORK_SEARCH_PATHS = (
					"$(inherited)",
					"$(PROJECT_DIR)/Carthage/Build/iOS",
				);
				HEADER_SEARCH_PATHS = (
					"\"$(SRCROOT)/third_party/GoogleAnalyticsServicesiOS_3.16/GoogleAnalytics/Library\"",
					"\"$(SRCROOT)/third_party/GoogleAnalyticsServicesiOS_3.16/GoogleTagManager/Library\"",
				);
				INFOPLIST_FILE = "Otsimo Test/Info.plist";
				IPHONEOS_DEPLOYMENT_TARGET = 9.0;
				LD_RUNPATH_SEARCH_PATHS = "$(inherited) @executable_path/Frameworks";
				LIBRARY_SEARCH_PATHS = (
					"$(inherited)",
					"\"$(SRCROOT)/third_party/GoogleAnalyticsServicesiOS_3.16\"",
				);
				OTHER_LDFLAGS = (
					"$(OTHER_LDFLAGS)",
					"-ObjC",
					"-lz",
					"-lsqlite3",
				);
				PRODUCT_BUNDLE_IDENTIFIER = com.otsimo.mchat;
				PRODUCT_NAME = "$(TARGET_NAME)";
				SWIFT_OBJC_BRIDGING_HEADER = "Otsimo Test/Otsimo Test-Bridging-Header.h";
				SWIFT_VERSION = 3.0;
			};
			name = Release;
		};
/* End XCBuildConfiguration section */

/* Begin XCConfigurationList section */
		53187F431E152DE300484994 /* Build configuration list for PBXProject "OtsimoTest" */ = {
			isa = XCConfigurationList;
			buildConfigurations = (
				53187F581E152DE300484994 /* Debug */,
				53187F591E152DE300484994 /* Release */,
			);
			defaultConfigurationIsVisible = 0;
			defaultConfigurationName = Release;
		};
		53187F5A1E152DE300484994 /* Build configuration list for PBXNativeTarget "Otsimo Test" */ = {
			isa = XCConfigurationList;
			buildConfigurations = (
				53187F5B1E152DE300484994 /* Debug */,
				53187F5C1E152DE300484994 /* Release */,
			);
			defaultConfigurationIsVisible = 0;
			defaultConfigurationName = Release;
		};
/* End XCConfigurationList section */
	};
	rootObject = 53187F401E152DE300484994 /* Project object */;
}
