// !$*UTF8*$!
{
	archiveVersion = 1;
	classes = {
	};
	objectVersion = 46;
	objects = {

/* Begin PBXBuildFile section */
		1E0A0C811E897805000E1AE2 /* SumStepVC.xib in Resources */ = {isa = PBXBuildFile; fileRef = 1E0A0C831E897805000E1AE2 /* SumStepVC.xib */; };
		1E0A0C951E89F03D000E1AE2 /* InfoPlist.strings in Resources */ = {isa = PBXBuildFile; fileRef = 1E0A0C971E89F03D000E1AE2 /* InfoPlist.strings */; };
		1EE7E09E1E858A8200BF0AE1 /* CustomStepVC.xib in Resources */ = {isa = PBXBuildFile; fileRef = 1EE7E0A01E858A8200BF0AE1 /* CustomStepVC.xib */; };
		1EE7E0A71E85949400BF0AE1 /* LowResultPopup.xib in Resources */ = {isa = PBXBuildFile; fileRef = 1EE7E0A91E85949400BF0AE1 /* LowResultPopup.xib */; };
		1EE7E0AE1E8594A300BF0AE1 /* HighResultPopup.xib in Resources */ = {isa = PBXBuildFile; fileRef = 1EE7E0B01E8594A300BF0AE1 /* HighResultPopup.xib */; };
		1EE7E0B51E8594B200BF0AE1 /* MediumResultPopup.xib in Resources */ = {isa = PBXBuildFile; fileRef = 1EE7E0B71E8594B200BF0AE1 /* MediumResultPopup.xib */; };
		1EE7E0BC1E8594BF00BF0AE1 /* SendEmailPopupController.xib in Resources */ = {isa = PBXBuildFile; fileRef = 1EE7E0BE1E8594BF00BF0AE1 /* SendEmailPopupController.xib */; };
		1EE7E0C31E8594C800BF0AE1 /* NotEligiblePopupController.xib in Resources */ = {isa = PBXBuildFile; fileRef = 1EE7E0C51E8594C800BF0AE1 /* NotEligiblePopupController.xib */; };
		1EE99D511E857ACA008957EF /* AboutStudy_intro_tr.html in Resources */ = {isa = PBXBuildFile; fileRef = 1EE99D4D1E857ACA008957EF /* AboutStudy_intro_tr.html */; };
		1EE99D521E857ACA008957EF /* howstudyworks_intro_tr.html in Resources */ = {isa = PBXBuildFile; fileRef = 1EE99D4E1E857ACA008957EF /* howstudyworks_intro_tr.html */; };
		1EE99D531E857ACA008957EF /* main_intro_tr.html in Resources */ = {isa = PBXBuildFile; fileRef = 1EE99D4F1E857ACA008957EF /* main_intro_tr.html */; };
		1EE99D541E857ACA008957EF /* whoisrunning_intro_tr.html in Resources */ = {isa = PBXBuildFile; fileRef = 1EE99D501E857ACA008957EF /* whoisrunning_intro_tr.html */; };
		1EE99D561E857B24008957EF /* welcome.png in Resources */ = {isa = PBXBuildFile; fileRef = 1EE99D551E857B24008957EF /* welcome.png */; };
		53056C3F1E803FB200D11AFF /* SendEmailPopupController.swift in Sources */ = {isa = PBXBuildFile; fileRef = 53056C3D1E803FB200D11AFF /* SendEmailPopupController.swift */; };
		5309B1371E2F71B30096A4FC /* Server.swift in Sources */ = {isa = PBXBuildFile; fileRef = 5309B1361E2F71B30096A4FC /* Server.swift */; };
		53187F4C1E152DE300484994 /* AppDelegate.swift in Sources */ = {isa = PBXBuildFile; fileRef = 53187F4B1E152DE300484994 /* AppDelegate.swift */; };
		534A3B831E40BD14005FA5F3 /* 1.html in Resources */ = {isa = PBXBuildFile; fileRef = 534A3B811E40BD14005FA5F3 /* 1.html */; };
		534A3B841E40BD14005FA5F3 /* 2.html in Resources */ = {isa = PBXBuildFile; fileRef = 534A3B821E40BD14005FA5F3 /* 2.html */; };
		536EAAFA1E893A1F002D49F2 /* SumStepVC.swift in Sources */ = {isa = PBXBuildFile; fileRef = 536EAAF81E893A1F002D49F2 /* SumStepVC.swift */; };
		536EAAFF1E8943C9002D49F2 /* ViewController+Popup.swift in Sources */ = {isa = PBXBuildFile; fileRef = 536EAAFE1E8943C9002D49F2 /* ViewController+Popup.swift */; };
		537C9D7F1E3F49310054AFA0 /* Analytics.swift in Sources */ = {isa = PBXBuildFile; fileRef = 537C9D7D1E3F49310054AFA0 /* Analytics.swift */; };
		537C9D801E3F49310054AFA0 /* GA.swift in Sources */ = {isa = PBXBuildFile; fileRef = 537C9D7E1E3F49310054AFA0 /* GA.swift */; };
		537C9D861E3F4FC40054AFA0 /* libGoogleAnalyticsServices.a in Frameworks */ = {isa = PBXBuildFile; fileRef = 537C9D851E3F4FC40054AFA0 /* libGoogleAnalyticsServices.a */; };
		537C9D881E3F50820054AFA0 /* CoreData.framework in Frameworks */ = {isa = PBXBuildFile; fileRef = 537C9D871E3F50820054AFA0 /* CoreData.framework */; };
		537C9D8A1E3F50870054AFA0 /* SystemConfiguration.framework in Frameworks */ = {isa = PBXBuildFile; fileRef = 537C9D891E3F50870054AFA0 /* SystemConfiguration.framework */; };
		53BD22961E7336AB00C255B3 /* ColorManager.swift in Sources */ = {isa = PBXBuildFile; fileRef = 53BD22951E7336AB00C255B3 /* ColorManager.swift */; };
		53BDB7D01E7BFCC500741FD7 /* Analyse-mChat.swift in Sources */ = {isa = PBXBuildFile; fileRef = 53BDB7CF1E7BFCC500741FD7 /* Analyse-mChat.swift */; };
		53C7AEE91E83DD8A0081B5A4 /* Analyse+PassFailHandler.swift in Sources */ = {isa = PBXBuildFile; fileRef = 53C7AEE81E83DD8A0081B5A4 /* Analyse+PassFailHandler.swift */; };
		53C7AEEF1E8400DD0081B5A4 /* NotEligiblePopupController.swift in Sources */ = {isa = PBXBuildFile; fileRef = 53C7AEED1E8400DD0081B5A4 /* NotEligiblePopupController.swift */; };
		53C7AF241E8438AD0081B5A4 /* AboutStudy_intro.html in Resources */ = {isa = PBXBuildFile; fileRef = 53C7AF1F1E8438AD0081B5A4 /* AboutStudy_intro.html */; };
		53C7AF251E8438AD0081B5A4 /* howstudyworks_intro.html in Resources */ = {isa = PBXBuildFile; fileRef = 53C7AF201E8438AD0081B5A4 /* howstudyworks_intro.html */; };
		53C7AF261E8438AD0081B5A4 /* Intro_section_PD.css in Resources */ = {isa = PBXBuildFile; fileRef = 53C7AF211E8438AD0081B5A4 /* Intro_section_PD.css */; };
		53C7AF271E8438AD0081B5A4 /* main_intro.html in Resources */ = {isa = PBXBuildFile; fileRef = 53C7AF221E8438AD0081B5A4 /* main_intro.html */; };
		53C7AF281E8438AD0081B5A4 /* whoisrunning_intro.html in Resources */ = {isa = PBXBuildFile; fileRef = 53C7AF231E8438AD0081B5A4 /* whoisrunning_intro.html */; };
		53C7AF2A1E8438B60081B5A4 /* welcome.png in Resources */ = {isa = PBXBuildFile; fileRef = 53C7AF291E8438B60081B5A4 /* welcome.png */; };
		53FFF9FE1E72B421000BEC96 /* CustomStep.swift in Sources */ = {isa = PBXBuildFile; fileRef = 53FFF9FB1E72B421000BEC96 /* CustomStep.swift */; };
		53FFFA001E72B421000BEC96 /* CustomViewController.swift in Sources */ = {isa = PBXBuildFile; fileRef = 53FFF9FD1E72B421000BEC96 /* CustomViewController.swift */; };
		53FFFA041E72B868000BEC96 /* Assets.xcassets in Resources */ = {isa = PBXBuildFile; fileRef = 53FFFA011E72B868000BEC96 /* Assets.xcassets */; };
		53FFFA051E72B868000BEC96 /* LaunchScreen.storyboard in Resources */ = {isa = PBXBuildFile; fileRef = 53FFFA021E72B868000BEC96 /* LaunchScreen.storyboard */; };
		53FFFA101E72B88F000BEC96 /* InfoTask.swift in Sources */ = {isa = PBXBuildFile; fileRef = 53FFFA0F1E72B88F000BEC96 /* InfoTask.swift */; };
		53FFFA131E72B898000BEC96 /* ConsentDocument.swift in Sources */ = {isa = PBXBuildFile; fileRef = 53FFFA111E72B898000BEC96 /* ConsentDocument.swift */; };
		53FFFA141E72B898000BEC96 /* ConsentTask.swift in Sources */ = {isa = PBXBuildFile; fileRef = 53FFFA121E72B898000BEC96 /* ConsentTask.swift */; };
		53FFFA1C1E72B89F000BEC96 /* GroupAnswer.swift in Sources */ = {isa = PBXBuildFile; fileRef = 53FFFA151E72B89F000BEC96 /* GroupAnswer.swift */; };
		53FFFA1D1E72B89F000BEC96 /* Pollster.swift in Sources */ = {isa = PBXBuildFile; fileRef = 53FFFA161E72B89F000BEC96 /* Pollster.swift */; };
		53FFFA1E1E72B89F000BEC96 /* Pollster+QuestionFunc.swift in Sources */ = {isa = PBXBuildFile; fileRef = 53FFFA171E72B89F000BEC96 /* Pollster+QuestionFunc.swift */; };
		53FFFA1F1E72B89F000BEC96 /* QueryActions.swift in Sources */ = {isa = PBXBuildFile; fileRef = 53FFFA181E72B89F000BEC96 /* QueryActions.swift */; };
		53FFFA201E72B89F000BEC96 /* ReadJSONs.swift in Sources */ = {isa = PBXBuildFile; fileRef = 53FFFA191E72B89F000BEC96 /* ReadJSONs.swift */; };
		53FFFA211E72B89F000BEC96 /* SurveryTask extension.swift in Sources */ = {isa = PBXBuildFile; fileRef = 53FFFA1A1E72B89F000BEC96 /* SurveryTask extension.swift */; };
		53FFFA221E72B89F000BEC96 /* SurveyTask.swift in Sources */ = {isa = PBXBuildFile; fileRef = 53FFFA1B1E72B89F000BEC96 /* SurveyTask.swift */; };
		53FFFA241E72B8A9000BEC96 /* GlobalKeys.swift in Sources */ = {isa = PBXBuildFile; fileRef = 53FFFA231E72B8A9000BEC96 /* GlobalKeys.swift */; };
		53FFFA261E72B8B3000BEC96 /* MchatSurvey.swift in Sources */ = {isa = PBXBuildFile; fileRef = 53FFFA251E72B8B3000BEC96 /* MchatSurvey.swift */; };
		53FFFA2C1E72B8E7000BEC96 /* ViewController.swift in Sources */ = {isa = PBXBuildFile; fileRef = 53FFFA291E72B8E7000BEC96 /* ViewController.swift */; };
		53FFFA2D1E72B8E7000BEC96 /* SumStepVC+ResultPopup.swift in Sources */ = {isa = PBXBuildFile; fileRef = 53FFFA2A1E72B8E7000BEC96 /* SumStepVC+ResultPopup.swift */; };
		53FFFA2E1E72B8E7000BEC96 /* ViewController+TaskDelegate.swift in Sources */ = {isa = PBXBuildFile; fileRef = 53FFFA2B1E72B8E7000BEC96 /* ViewController+TaskDelegate.swift */; };
		53FFFA321E72B8F2000BEC96 /* ViewControll+ScrollViewDelegate.swift in Sources */ = {isa = PBXBuildFile; fileRef = 53FFFA2F1E72B8F2000BEC96 /* ViewControll+ScrollViewDelegate.swift */; };
		53FFFA331E72B8F2000BEC96 /* ViewController+CollectionDataSource.swift in Sources */ = {isa = PBXBuildFile; fileRef = 53FFFA301E72B8F2000BEC96 /* ViewController+CollectionDataSource.swift */; };
		53FFFA341E72B8F2000BEC96 /* ViewController+CollectionDelegateFlowLayout.swift in Sources */ = {isa = PBXBuildFile; fileRef = 53FFFA311E72B8F2000BEC96 /* ViewController+CollectionDelegateFlowLayout.swift */; };
		53FFFA371E72B8F9000BEC96 /* WalkThroughCell.swift in Sources */ = {isa = PBXBuildFile; fileRef = 53FFFA351E72B8F9000BEC96 /* WalkThroughCell.swift */; };
		53FFFA381E72B8F9000BEC96 /* WalkThroughCell.xib in Resources */ = {isa = PBXBuildFile; fileRef = 53FFFA361E72B8F9000BEC96 /* WalkThroughCell.xib */; };
		53FFFA3A1E72B903000BEC96 /* SurveyAnalytics.swift in Sources */ = {isa = PBXBuildFile; fileRef = 53FFFA391E72B903000BEC96 /* SurveyAnalytics.swift */; };
		53FFFA3D1E72B90B000BEC96 /* Analyse.swift in Sources */ = {isa = PBXBuildFile; fileRef = 53FFFA3B1E72B90B000BEC96 /* Analyse.swift */; };
		53FFFA3E1E72B90B000BEC96 /* Analyse+Subject.swift in Sources */ = {isa = PBXBuildFile; fileRef = 53FFFA3C1E72B90B000BEC96 /* Analyse+Subject.swift */; };
		53FFFA411E72B914000BEC96 /* DeviceInfo.swift in Sources */ = {isa = PBXBuildFile; fileRef = 53FFFA3F1E72B914000BEC96 /* DeviceInfo.swift */; };
		53FFFA421E72B914000BEC96 /* Log.swift in Sources */ = {isa = PBXBuildFile; fileRef = 53FFFA401E72B914000BEC96 /* Log.swift */; };
		53FFFA461E72B934000BEC96 /* HighResultPopupController.swift in Sources */ = {isa = PBXBuildFile; fileRef = 53FFFA431E72B934000BEC96 /* HighResultPopupController.swift */; };
		53FFFA471E72B934000BEC96 /* LowResultPopupController.swift in Sources */ = {isa = PBXBuildFile; fileRef = 53FFFA441E72B934000BEC96 /* LowResultPopupController.swift */; };
		53FFFA481E72B934000BEC96 /* MediumResultPopupController.swift in Sources */ = {isa = PBXBuildFile; fileRef = 53FFFA451E72B934000BEC96 /* MediumResultPopupController.swift */; };
		53FFFA761E72BAFB000BEC96 /* FXBlurView.m in Sources */ = {isa = PBXBuildFile; fileRef = 53FFFA751E72BAFB000BEC96 /* FXBlurView.m */; };
		53FFFA871E72BB02000BEC96 /* InteractiveTransition.swift in Sources */ = {isa = PBXBuildFile; fileRef = 53FFFA771E72BB02000BEC96 /* InteractiveTransition.swift */; };
		53FFFA881E72BB02000BEC96 /* PopupDialog.swift in Sources */ = {isa = PBXBuildFile; fileRef = 53FFFA781E72BB02000BEC96 /* PopupDialog.swift */; };
		53FFFA891E72BB02000BEC96 /* PopupDialog+Keyboard.swift in Sources */ = {isa = PBXBuildFile; fileRef = 53FFFA791E72BB02000BEC96 /* PopupDialog+Keyboard.swift */; };
		53FFFA8A1E72BB02000BEC96 /* PopupDialogButton.swift in Sources */ = {isa = PBXBuildFile; fileRef = 53FFFA7A1E72BB02000BEC96 /* PopupDialogButton.swift */; };
		53FFFA8B1E72BB02000BEC96 /* PopupDialogContainerView.swift in Sources */ = {isa = PBXBuildFile; fileRef = 53FFFA7B1E72BB02000BEC96 /* PopupDialogContainerView.swift */; };
		53FFFA8C1E72BB02000BEC96 /* PopupDialogDefaultButtons.swift in Sources */ = {isa = PBXBuildFile; fileRef = 53FFFA7C1E72BB02000BEC96 /* PopupDialogDefaultButtons.swift */; };
		53FFFA8D1E72BB02000BEC96 /* PopupDialogDefaultView.swift in Sources */ = {isa = PBXBuildFile; fileRef = 53FFFA7D1E72BB02000BEC96 /* PopupDialogDefaultView.swift */; };
		53FFFA8E1E72BB02000BEC96 /* PopupDialogDefaultViewController.swift in Sources */ = {isa = PBXBuildFile; fileRef = 53FFFA7E1E72BB02000BEC96 /* PopupDialogDefaultViewController.swift */; };
		53FFFA8F1E72BB02000BEC96 /* PopupDialogOverlayView.swift in Sources */ = {isa = PBXBuildFile; fileRef = 53FFFA7F1E72BB02000BEC96 /* PopupDialogOverlayView.swift */; };
		53FFFA901E72BB02000BEC96 /* PresentationController.swift in Sources */ = {isa = PBXBuildFile; fileRef = 53FFFA801E72BB02000BEC96 /* PresentationController.swift */; };
		53FFFA911E72BB02000BEC96 /* PresentationManager.swift in Sources */ = {isa = PBXBuildFile; fileRef = 53FFFA811E72BB02000BEC96 /* PresentationManager.swift */; };
		53FFFA921E72BB02000BEC96 /* TransitionAnimations.swift in Sources */ = {isa = PBXBuildFile; fileRef = 53FFFA821E72BB02000BEC96 /* TransitionAnimations.swift */; };
		53FFFA931E72BB02000BEC96 /* TransitionAnimator.swift in Sources */ = {isa = PBXBuildFile; fileRef = 53FFFA831E72BB02000BEC96 /* TransitionAnimator.swift */; };
		53FFFA941E72BB02000BEC96 /* UIImageView+Calculations.swift in Sources */ = {isa = PBXBuildFile; fileRef = 53FFFA841E72BB02000BEC96 /* UIImageView+Calculations.swift */; };
		53FFFA951E72BB02000BEC96 /* UIView+Animations.swift in Sources */ = {isa = PBXBuildFile; fileRef = 53FFFA851E72BB02000BEC96 /* UIView+Animations.swift */; };
		53FFFA961E72BB02000BEC96 /* UIViewController+Visibility.swift in Sources */ = {isa = PBXBuildFile; fileRef = 53FFFA861E72BB02000BEC96 /* UIViewController+Visibility.swift */; };
		53FFFA9B1E72BB0A000BEC96 /* TZSpacerView.swift in Sources */ = {isa = PBXBuildFile; fileRef = 53FFFA971E72BB0A000BEC96 /* TZSpacerView.swift */; };
		53FFFA9C1E72BB0A000BEC96 /* TZStackView.swift in Sources */ = {isa = PBXBuildFile; fileRef = 53FFFA981E72BB0A000BEC96 /* TZStackView.swift */; };
		53FFFA9D1E72BB0A000BEC96 /* TZStackViewAlignment.swift in Sources */ = {isa = PBXBuildFile; fileRef = 53FFFA991E72BB0A000BEC96 /* TZStackViewAlignment.swift */; };
		53FFFA9E1E72BB0A000BEC96 /* TZStackViewDistribution.swift in Sources */ = {isa = PBXBuildFile; fileRef = 53FFFA9A1E72BB0A000BEC96 /* TZStackViewDistribution.swift */; };
		53FFFAB31E72BD5E000BEC96 /* Main.storyboard in Resources */ = {isa = PBXBuildFile; fileRef = 53FFFAB51E72BD5E000BEC96 /* Main.storyboard */; };
		53FFFAC31E72BE70000BEC96 /* Localizable.strings in Resources */ = {isa = PBXBuildFile; fileRef = 53FFFAC11E72BE70000BEC96 /* Localizable.strings */; };
		53FFFADE1E72C455000BEC96 /* questions in Resources */ = {isa = PBXBuildFile; fileRef = 53FFFADD1E72C455000BEC96 /* questions */; };
		53FFFB201E72C6B5000BEC96 /* ResearchKit.framework in Frameworks */ = {isa = PBXBuildFile; fileRef = 53FFFB1D1E72C696000BEC96 /* ResearchKit.framework */; };
		53FFFB2E1E72CA12000BEC96 /* m-chat.pb.swift in Sources */ = {isa = PBXBuildFile; fileRef = 53FFFB2C1E72CA12000BEC96 /* m-chat.pb.swift */; };
		53FFFB2F1E72CA12000BEC96 /* result.pb.swift in Sources */ = {isa = PBXBuildFile; fileRef = 53FFFB2D1E72CA12000BEC96 /* result.pb.swift */; };
/* End PBXBuildFile section */

/* Begin PBXContainerItemProxy section */
		53FFFB1C1E72C696000BEC96 /* PBXContainerItemProxy */ = {
			isa = PBXContainerItemProxy;
			containerPortal = 53FFFB161E72C696000BEC96 /* ResearchKit.xcodeproj */;
			proxyType = 2;
			remoteGlobalIDString = B183A5951A8535D100C76870;
			remoteInfo = ResearchKit;
		};
		53FFFB1E1E72C696000BEC96 /* PBXContainerItemProxy */ = {
			isa = PBXContainerItemProxy;
			containerPortal = 53FFFB161E72C696000BEC96 /* ResearchKit.xcodeproj */;
			proxyType = 2;
			remoteGlobalIDString = 86CC8E9A1AC09332001CCD89;
			remoteInfo = ResearchKitTests;
		};
		53FFFB221E72C6B5000BEC96 /* PBXContainerItemProxy */ = {
			isa = PBXContainerItemProxy;
			containerPortal = 53FFFB161E72C696000BEC96 /* ResearchKit.xcodeproj */;
			proxyType = 1;
			remoteGlobalIDString = B183A4731A8535D100C76870;
			remoteInfo = ResearchKit;
		};
/* End PBXContainerItemProxy section */

/* Begin PBXFileReference section */
		1E0A0C821E897805000E1AE2 /* Base */ = {isa = PBXFileReference; lastKnownFileType = file.xib; name = Base; path = Base.lproj/SumStepVC.xib; sourceTree = "<group>"; };
		1E0A0C871E897808000E1AE2 /* en */ = {isa = PBXFileReference; lastKnownFileType = text.plist.strings; name = en; path = en.lproj/SumStepVC.strings; sourceTree = "<group>"; };
		1E0A0C891E89780A000E1AE2 /* tr */ = {isa = PBXFileReference; lastKnownFileType = text.plist.strings; name = tr; path = tr.lproj/SumStepVC.strings; sourceTree = "<group>"; };
		1E0A0C991E89F042000E1AE2 /* tr */ = {isa = PBXFileReference; lastKnownFileType = text.plist.strings; name = tr; path = tr.lproj/InfoPlist.strings; sourceTree = "<group>"; };
		1E0A0C9A1E89F067000E1AE2 /* en */ = {isa = PBXFileReference; lastKnownFileType = text.plist.strings; name = en; path = en.lproj/InfoPlist.strings; sourceTree = "<group>"; };
		1EE7E09F1E858A8200BF0AE1 /* Base */ = {isa = PBXFileReference; lastKnownFileType = file.xib; name = Base; path = Base.lproj/CustomStepVC.xib; sourceTree = "<group>"; };
		1EE7E0A41E858A8900BF0AE1 /* tr */ = {isa = PBXFileReference; lastKnownFileType = text.plist.strings; name = tr; path = tr.lproj/CustomStepVC.strings; sourceTree = "<group>"; };
		1EE7E0A61E858A8D00BF0AE1 /* en */ = {isa = PBXFileReference; lastKnownFileType = text.plist.strings; name = en; path = en.lproj/CustomStepVC.strings; sourceTree = "<group>"; };
		1EE7E0A81E85949400BF0AE1 /* Base */ = {isa = PBXFileReference; lastKnownFileType = file.xib; name = Base; path = Base.lproj/LowResultPopup.xib; sourceTree = "<group>"; };
		1EE7E0AB1E85949700BF0AE1 /* en */ = {isa = PBXFileReference; lastKnownFileType = text.plist.strings; name = en; path = en.lproj/LowResultPopup.strings; sourceTree = "<group>"; };
		1EE7E0AD1E85949A00BF0AE1 /* tr */ = {isa = PBXFileReference; lastKnownFileType = text.plist.strings; name = tr; path = tr.lproj/LowResultPopup.strings; sourceTree = "<group>"; };
		1EE7E0AF1E8594A300BF0AE1 /* Base */ = {isa = PBXFileReference; lastKnownFileType = file.xib; name = Base; path = Base.lproj/HighResultPopup.xib; sourceTree = "<group>"; };
		1EE7E0B21E8594A600BF0AE1 /* en */ = {isa = PBXFileReference; lastKnownFileType = text.plist.strings; name = en; path = en.lproj/HighResultPopup.strings; sourceTree = "<group>"; };
		1EE7E0B41E8594A900BF0AE1 /* tr */ = {isa = PBXFileReference; lastKnownFileType = text.plist.strings; name = tr; path = tr.lproj/HighResultPopup.strings; sourceTree = "<group>"; };
		1EE7E0B61E8594B200BF0AE1 /* Base */ = {isa = PBXFileReference; lastKnownFileType = file.xib; name = Base; path = Base.lproj/MediumResultPopup.xib; sourceTree = "<group>"; };
		1EE7E0B91E8594B400BF0AE1 /* en */ = {isa = PBXFileReference; lastKnownFileType = text.plist.strings; name = en; path = en.lproj/MediumResultPopup.strings; sourceTree = "<group>"; };
		1EE7E0BB1E8594B700BF0AE1 /* tr */ = {isa = PBXFileReference; lastKnownFileType = text.plist.strings; name = tr; path = tr.lproj/MediumResultPopup.strings; sourceTree = "<group>"; };
		1EE7E0BD1E8594BF00BF0AE1 /* Base */ = {isa = PBXFileReference; lastKnownFileType = file.xib; name = Base; path = Base.lproj/SendEmailPopupController.xib; sourceTree = "<group>"; };
		1EE7E0C01E8594C100BF0AE1 /* en */ = {isa = PBXFileReference; lastKnownFileType = text.plist.strings; name = en; path = en.lproj/SendEmailPopupController.strings; sourceTree = "<group>"; };
		1EE7E0C21E8594C400BF0AE1 /* tr */ = {isa = PBXFileReference; lastKnownFileType = text.plist.strings; name = tr; path = tr.lproj/SendEmailPopupController.strings; sourceTree = "<group>"; };
		1EE7E0C41E8594C800BF0AE1 /* Base */ = {isa = PBXFileReference; lastKnownFileType = file.xib; name = Base; path = Base.lproj/NotEligiblePopupController.xib; sourceTree = "<group>"; };
		1EE7E0C71E8594CB00BF0AE1 /* en */ = {isa = PBXFileReference; lastKnownFileType = text.plist.strings; name = en; path = en.lproj/NotEligiblePopupController.strings; sourceTree = "<group>"; };
		1EE7E0C91E8594CF00BF0AE1 /* tr */ = {isa = PBXFileReference; lastKnownFileType = text.plist.strings; name = tr; path = tr.lproj/NotEligiblePopupController.strings; sourceTree = "<group>"; };
		1EE99D421E85778E008957EF /* en */ = {isa = PBXFileReference; lastKnownFileType = text.plist.strings; name = en; path = en.lproj/Main.strings; sourceTree = "<group>"; };
		1EE99D441E857792008957EF /* tr */ = {isa = PBXFileReference; lastKnownFileType = text.plist.strings; name = tr; path = tr.lproj/Main.strings; sourceTree = "<group>"; };
		1EE99D4D1E857ACA008957EF /* AboutStudy_intro_tr.html */ = {isa = PBXFileReference; fileEncoding = 4; lastKnownFileType = text.html; name = AboutStudy_intro_tr.html; path = HTMLContent/AboutStudy_intro_tr.html; sourceTree = SOURCE_ROOT; };
		1EE99D4E1E857ACA008957EF /* howstudyworks_intro_tr.html */ = {isa = PBXFileReference; fileEncoding = 4; lastKnownFileType = text.html; name = howstudyworks_intro_tr.html; path = HTMLContent/howstudyworks_intro_tr.html; sourceTree = SOURCE_ROOT; };
		1EE99D4F1E857ACA008957EF /* main_intro_tr.html */ = {isa = PBXFileReference; fileEncoding = 4; lastKnownFileType = text.html; name = main_intro_tr.html; path = HTMLContent/main_intro_tr.html; sourceTree = SOURCE_ROOT; };
		1EE99D501E857ACA008957EF /* whoisrunning_intro_tr.html */ = {isa = PBXFileReference; fileEncoding = 4; lastKnownFileType = text.html; name = whoisrunning_intro_tr.html; path = HTMLContent/whoisrunning_intro_tr.html; sourceTree = SOURCE_ROOT; };
		1EE99D551E857B24008957EF /* welcome.png */ = {isa = PBXFileReference; lastKnownFileType = image.png; name = welcome.png; path = HTMLContent/welcome.png; sourceTree = SOURCE_ROOT; };
		53056C3D1E803FB200D11AFF /* SendEmailPopupController.swift */ = {isa = PBXFileReference; fileEncoding = 4; lastKnownFileType = sourcecode.swift; path = SendEmailPopupController.swift; sourceTree = "<group>"; };
		5309B1361E2F71B30096A4FC /* Server.swift */ = {isa = PBXFileReference; fileEncoding = 4; lastKnownFileType = sourcecode.swift; path = Server.swift; sourceTree = "<group>"; };
		53187F481E152DE300484994 /* Otsimo Test.app */ = {isa = PBXFileReference; explicitFileType = wrapper.application; includeInIndex = 0; path = "Otsimo Test.app"; sourceTree = BUILT_PRODUCTS_DIR; };
		53187F4B1E152DE300484994 /* AppDelegate.swift */ = {isa = PBXFileReference; lastKnownFileType = sourcecode.swift; path = AppDelegate.swift; sourceTree = "<group>"; };
		53187F571E152DE300484994 /* Info.plist */ = {isa = PBXFileReference; lastKnownFileType = text.plist.xml; path = Info.plist; sourceTree = "<group>"; };
		534A3B811E40BD14005FA5F3 /* 1.html */ = {isa = PBXFileReference; fileEncoding = 4; lastKnownFileType = text.html; name = 1.html; path = HTMLContent/1.html; sourceTree = SOURCE_ROOT; };
		534A3B821E40BD14005FA5F3 /* 2.html */ = {isa = PBXFileReference; fileEncoding = 4; lastKnownFileType = text.html; name = 2.html; path = HTMLContent/2.html; sourceTree = SOURCE_ROOT; };
		534D5BEA1E35E400001AB543 /* Otsimo Test-Bridging-Header.h */ = {isa = PBXFileReference; lastKnownFileType = sourcecode.c.h; path = "Otsimo Test-Bridging-Header.h"; sourceTree = "<group>"; };
		536EAAF81E893A1F002D49F2 /* SumStepVC.swift */ = {isa = PBXFileReference; fileEncoding = 4; lastKnownFileType = sourcecode.swift; path = SumStepVC.swift; sourceTree = "<group>"; };
		536EAAFE1E8943C9002D49F2 /* ViewController+Popup.swift */ = {isa = PBXFileReference; fileEncoding = 4; lastKnownFileType = sourcecode.swift; path = "ViewController+Popup.swift"; sourceTree = "<group>"; };
		537C9D7D1E3F49310054AFA0 /* Analytics.swift */ = {isa = PBXFileReference; fileEncoding = 4; lastKnownFileType = sourcecode.swift; name = Analytics.swift; path = Analytics/Analytics.swift; sourceTree = "<group>"; };
		537C9D7E1E3F49310054AFA0 /* GA.swift */ = {isa = PBXFileReference; fileEncoding = 4; lastKnownFileType = sourcecode.swift; name = GA.swift; path = Analytics/GA.swift; sourceTree = "<group>"; };
		537C9D851E3F4FC40054AFA0 /* libGoogleAnalyticsServices.a */ = {isa = PBXFileReference; lastKnownFileType = archive.ar; name = libGoogleAnalyticsServices.a; path = third_party/GoogleAnalyticsServicesiOS_3.16/libGoogleAnalyticsServices.a; sourceTree = "<group>"; };
		537C9D871E3F50820054AFA0 /* CoreData.framework */ = {isa = PBXFileReference; lastKnownFileType = wrapper.framework; name = CoreData.framework; path = System/Library/Frameworks/CoreData.framework; sourceTree = SDKROOT; };
		537C9D891E3F50870054AFA0 /* SystemConfiguration.framework */ = {isa = PBXFileReference; lastKnownFileType = wrapper.framework; name = SystemConfiguration.framework; path = System/Library/Frameworks/SystemConfiguration.framework; sourceTree = SDKROOT; };
		53BD22951E7336AB00C255B3 /* ColorManager.swift */ = {isa = PBXFileReference; fileEncoding = 4; lastKnownFileType = sourcecode.swift; name = ColorManager.swift; path = ../ColorManager.swift; sourceTree = "<group>"; };
		53BDB7CF1E7BFCC500741FD7 /* Analyse-mChat.swift */ = {isa = PBXFileReference; fileEncoding = 4; lastKnownFileType = sourcecode.swift; path = "Analyse-mChat.swift"; sourceTree = "<group>"; };
		53C7AEE81E83DD8A0081B5A4 /* Analyse+PassFailHandler.swift */ = {isa = PBXFileReference; fileEncoding = 4; lastKnownFileType = sourcecode.swift; path = "Analyse+PassFailHandler.swift"; sourceTree = "<group>"; };
		53C7AEEC1E83FE0D0081B5A4 /* MyPlayground.playground */ = {isa = PBXFileReference; lastKnownFileType = file.playground; path = MyPlayground.playground; sourceTree = "<group>"; };
		53C7AEED1E8400DD0081B5A4 /* NotEligiblePopupController.swift */ = {isa = PBXFileReference; fileEncoding = 4; lastKnownFileType = sourcecode.swift; path = NotEligiblePopupController.swift; sourceTree = "<group>"; };
		53C7AEF71E84055E0081B5A4 /* NotificationService.swift */ = {isa = PBXFileReference; lastKnownFileType = sourcecode.swift; path = NotificationService.swift; sourceTree = "<group>"; };
		53C7AEF91E84055E0081B5A4 /* Info.plist */ = {isa = PBXFileReference; lastKnownFileType = text.plist.xml; path = Info.plist; sourceTree = "<group>"; };
		53C7AF011E8406870081B5A4 /* Otsimo Test.entitlements */ = {isa = PBXFileReference; lastKnownFileType = text.plist.entitlements; path = "Otsimo Test.entitlements"; sourceTree = "<group>"; };
		53C7AF1F1E8438AD0081B5A4 /* AboutStudy_intro.html */ = {isa = PBXFileReference; fileEncoding = 4; lastKnownFileType = text.html; name = AboutStudy_intro.html; path = HTMLContent/AboutStudy_intro.html; sourceTree = SOURCE_ROOT; };
		53C7AF201E8438AD0081B5A4 /* howstudyworks_intro.html */ = {isa = PBXFileReference; fileEncoding = 4; lastKnownFileType = text.html; name = howstudyworks_intro.html; path = HTMLContent/howstudyworks_intro.html; sourceTree = SOURCE_ROOT; };
		53C7AF211E8438AD0081B5A4 /* Intro_section_PD.css */ = {isa = PBXFileReference; fileEncoding = 4; lastKnownFileType = text.css; name = Intro_section_PD.css; path = HTMLContent/Intro_section_PD.css; sourceTree = SOURCE_ROOT; };
		53C7AF221E8438AD0081B5A4 /* main_intro.html */ = {isa = PBXFileReference; fileEncoding = 4; lastKnownFileType = text.html; name = main_intro.html; path = HTMLContent/main_intro.html; sourceTree = SOURCE_ROOT; };
		53C7AF231E8438AD0081B5A4 /* whoisrunning_intro.html */ = {isa = PBXFileReference; fileEncoding = 4; lastKnownFileType = text.html; name = whoisrunning_intro.html; path = HTMLContent/whoisrunning_intro.html; sourceTree = SOURCE_ROOT; };
		53C7AF291E8438B60081B5A4 /* welcome.png */ = {isa = PBXFileReference; lastKnownFileType = image.png; name = welcome.png; path = HTMLContent/img/welcome.png; sourceTree = SOURCE_ROOT; };
		53FFF9FB1E72B421000BEC96 /* CustomStep.swift */ = {isa = PBXFileReference; fileEncoding = 4; lastKnownFileType = sourcecode.swift; name = CustomStep.swift; path = CustomSteps/CustomStep.swift; sourceTree = "<group>"; };
		53FFF9FD1E72B421000BEC96 /* CustomViewController.swift */ = {isa = PBXFileReference; fileEncoding = 4; lastKnownFileType = sourcecode.swift; name = CustomViewController.swift; path = CustomSteps/CustomViewController.swift; sourceTree = "<group>"; };
		53FFFA011E72B868000BEC96 /* Assets.xcassets */ = {isa = PBXFileReference; lastKnownFileType = folder.assetcatalog; name = Assets.xcassets; path = Views/Assets.xcassets; sourceTree = "<group>"; };
		53FFFA021E72B868000BEC96 /* LaunchScreen.storyboard */ = {isa = PBXFileReference; fileEncoding = 4; lastKnownFileType = file.storyboard; name = LaunchScreen.storyboard; path = Views/LaunchScreen.storyboard; sourceTree = "<group>"; };
		53FFFA0F1E72B88F000BEC96 /* InfoTask.swift */ = {isa = PBXFileReference; fileEncoding = 4; lastKnownFileType = sourcecode.swift; name = InfoTask.swift; path = "ResearchKit-Tasks/InfoTask.swift"; sourceTree = "<group>"; };
		53FFFA111E72B898000BEC96 /* ConsentDocument.swift */ = {isa = PBXFileReference; fileEncoding = 4; lastKnownFileType = sourcecode.swift; name = ConsentDocument.swift; path = "ResearchKit-Tasks/Consent/ConsentDocument.swift"; sourceTree = "<group>"; };
		53FFFA121E72B898000BEC96 /* ConsentTask.swift */ = {isa = PBXFileReference; fileEncoding = 4; lastKnownFileType = sourcecode.swift; name = ConsentTask.swift; path = "ResearchKit-Tasks/Consent/ConsentTask.swift"; sourceTree = "<group>"; };
		53FFFA151E72B89F000BEC96 /* GroupAnswer.swift */ = {isa = PBXFileReference; fileEncoding = 4; lastKnownFileType = sourcecode.swift; name = GroupAnswer.swift; path = "ResearchKit-Tasks/mchat-rf/GroupAnswer.swift"; sourceTree = "<group>"; };
		53FFFA161E72B89F000BEC96 /* Pollster.swift */ = {isa = PBXFileReference; fileEncoding = 4; lastKnownFileType = sourcecode.swift; name = Pollster.swift; path = "ResearchKit-Tasks/mchat-rf/Pollster.swift"; sourceTree = "<group>"; };
		53FFFA171E72B89F000BEC96 /* Pollster+QuestionFunc.swift */ = {isa = PBXFileReference; fileEncoding = 4; lastKnownFileType = sourcecode.swift; name = "Pollster+QuestionFunc.swift"; path = "ResearchKit-Tasks/mchat-rf/Pollster+QuestionFunc.swift"; sourceTree = "<group>"; };
		53FFFA181E72B89F000BEC96 /* QueryActions.swift */ = {isa = PBXFileReference; fileEncoding = 4; lastKnownFileType = sourcecode.swift; name = QueryActions.swift; path = "ResearchKit-Tasks/mchat-rf/QueryActions.swift"; sourceTree = "<group>"; };
		53FFFA191E72B89F000BEC96 /* ReadJSONs.swift */ = {isa = PBXFileReference; fileEncoding = 4; lastKnownFileType = sourcecode.swift; name = ReadJSONs.swift; path = "ResearchKit-Tasks/mchat-rf/ReadJSONs.swift"; sourceTree = "<group>"; };
		53FFFA1A1E72B89F000BEC96 /* SurveryTask extension.swift */ = {isa = PBXFileReference; fileEncoding = 4; lastKnownFileType = sourcecode.swift; name = "SurveryTask extension.swift"; path = "ResearchKit-Tasks/mchat-rf/SurveryTask extension.swift"; sourceTree = "<group>"; };
		53FFFA1B1E72B89F000BEC96 /* SurveyTask.swift */ = {isa = PBXFileReference; fileEncoding = 4; lastKnownFileType = sourcecode.swift; name = SurveyTask.swift; path = "ResearchKit-Tasks/mchat-rf/SurveyTask.swift"; sourceTree = "<group>"; };
		53FFFA231E72B8A9000BEC96 /* GlobalKeys.swift */ = {isa = PBXFileReference; fileEncoding = 4; lastKnownFileType = sourcecode.swift; name = GlobalKeys.swift; path = Others/GlobalKeys.swift; sourceTree = "<group>"; };
		53FFFA251E72B8B3000BEC96 /* MchatSurvey.swift */ = {isa = PBXFileReference; fileEncoding = 4; lastKnownFileType = sourcecode.swift; name = MchatSurvey.swift; path = "ResearchKit-Tasks/MchatSurvey.swift"; sourceTree = "<group>"; };
		53FFFA291E72B8E7000BEC96 /* ViewController.swift */ = {isa = PBXFileReference; fileEncoding = 4; lastKnownFileType = sourcecode.swift; name = ViewController.swift; path = Controller/ViewController/ViewController.swift; sourceTree = "<group>"; };
		53FFFA2A1E72B8E7000BEC96 /* SumStepVC+ResultPopup.swift */ = {isa = PBXFileReference; fileEncoding = 4; lastKnownFileType = sourcecode.swift; name = "SumStepVC+ResultPopup.swift"; path = "Controller/ViewController/SumStepVC+ResultPopup.swift"; sourceTree = "<group>"; };
		53FFFA2B1E72B8E7000BEC96 /* ViewController+TaskDelegate.swift */ = {isa = PBXFileReference; fileEncoding = 4; lastKnownFileType = sourcecode.swift; name = "ViewController+TaskDelegate.swift"; path = "Controller/ViewController/ViewController+TaskDelegate.swift"; sourceTree = "<group>"; };
		53FFFA2F1E72B8F2000BEC96 /* ViewControll+ScrollViewDelegate.swift */ = {isa = PBXFileReference; fileEncoding = 4; lastKnownFileType = sourcecode.swift; name = "ViewControll+ScrollViewDelegate.swift"; path = "Controller/ViewController/CollectionView/ViewControll+ScrollViewDelegate.swift"; sourceTree = "<group>"; };
		53FFFA301E72B8F2000BEC96 /* ViewController+CollectionDataSource.swift */ = {isa = PBXFileReference; fileEncoding = 4; lastKnownFileType = sourcecode.swift; name = "ViewController+CollectionDataSource.swift"; path = "Controller/ViewController/CollectionView/ViewController+CollectionDataSource.swift"; sourceTree = "<group>"; };
		53FFFA311E72B8F2000BEC96 /* ViewController+CollectionDelegateFlowLayout.swift */ = {isa = PBXFileReference; fileEncoding = 4; lastKnownFileType = sourcecode.swift; name = "ViewController+CollectionDelegateFlowLayout.swift"; path = "Controller/ViewController/CollectionView/ViewController+CollectionDelegateFlowLayout.swift"; sourceTree = "<group>"; };
		53FFFA351E72B8F9000BEC96 /* WalkThroughCell.swift */ = {isa = PBXFileReference; fileEncoding = 4; lastKnownFileType = sourcecode.swift; name = WalkThroughCell.swift; path = Controller/ViewController/CollectionView/WalkThroughCell/WalkThroughCell.swift; sourceTree = "<group>"; };
		53FFFA361E72B8F9000BEC96 /* WalkThroughCell.xib */ = {isa = PBXFileReference; fileEncoding = 4; lastKnownFileType = file.xib; name = WalkThroughCell.xib; path = Controller/ViewController/CollectionView/WalkThroughCell/WalkThroughCell.xib; sourceTree = "<group>"; };
		53FFFA391E72B903000BEC96 /* SurveyAnalytics.swift */ = {isa = PBXFileReference; fileEncoding = 4; lastKnownFileType = sourcecode.swift; name = SurveyAnalytics.swift; path = Analytics/SurveyAnalytics.swift; sourceTree = "<group>"; };
		53FFFA3B1E72B90B000BEC96 /* Analyse.swift */ = {isa = PBXFileReference; fileEncoding = 4; lastKnownFileType = sourcecode.swift; name = Analyse.swift; path = AnalyseResult/Analyse.swift; sourceTree = "<group>"; };
		53FFFA3C1E72B90B000BEC96 /* Analyse+Subject.swift */ = {isa = PBXFileReference; fileEncoding = 4; lastKnownFileType = sourcecode.swift; name = "Analyse+Subject.swift"; path = "AnalyseResult/Analyse+Subject.swift"; sourceTree = "<group>"; };
		53FFFA3F1E72B914000BEC96 /* DeviceInfo.swift */ = {isa = PBXFileReference; fileEncoding = 4; lastKnownFileType = sourcecode.swift; name = DeviceInfo.swift; path = Others/DeviceInfo.swift; sourceTree = "<group>"; };
		53FFFA401E72B914000BEC96 /* Log.swift */ = {isa = PBXFileReference; fileEncoding = 4; lastKnownFileType = sourcecode.swift; name = Log.swift; path = Others/Log.swift; sourceTree = "<group>"; };
		53FFFA431E72B934000BEC96 /* HighResultPopupController.swift */ = {isa = PBXFileReference; fileEncoding = 4; lastKnownFileType = sourcecode.swift; name = HighResultPopupController.swift; path = Controller/ResultPopupController/HighResultPopupController.swift; sourceTree = "<group>"; };
		53FFFA441E72B934000BEC96 /* LowResultPopupController.swift */ = {isa = PBXFileReference; fileEncoding = 4; lastKnownFileType = sourcecode.swift; name = LowResultPopupController.swift; path = Controller/ResultPopupController/LowResultPopupController.swift; sourceTree = "<group>"; };
		53FFFA451E72B934000BEC96 /* MediumResultPopupController.swift */ = {isa = PBXFileReference; fileEncoding = 4; lastKnownFileType = sourcecode.swift; name = MediumResultPopupController.swift; path = Controller/ResultPopupController/MediumResultPopupController.swift; sourceTree = "<group>"; };
		53FFFA741E72BAFB000BEC96 /* FXBlurView.h */ = {isa = PBXFileReference; fileEncoding = 4; lastKnownFileType = sourcecode.c.h; name = FXBlurView.h; path = third_party/FXBlurView.h; sourceTree = "<group>"; };
		53FFFA751E72BAFB000BEC96 /* FXBlurView.m */ = {isa = PBXFileReference; fileEncoding = 4; lastKnownFileType = sourcecode.c.objc; name = FXBlurView.m; path = third_party/FXBlurView.m; sourceTree = "<group>"; };
		53FFFA771E72BB02000BEC96 /* InteractiveTransition.swift */ = {isa = PBXFileReference; fileEncoding = 4; lastKnownFileType = sourcecode.swift; name = InteractiveTransition.swift; path = third_party/PopupDialog/InteractiveTransition.swift; sourceTree = "<group>"; };
		53FFFA781E72BB02000BEC96 /* PopupDialog.swift */ = {isa = PBXFileReference; fileEncoding = 4; lastKnownFileType = sourcecode.swift; name = PopupDialog.swift; path = third_party/PopupDialog/PopupDialog.swift; sourceTree = "<group>"; };
		53FFFA791E72BB02000BEC96 /* PopupDialog+Keyboard.swift */ = {isa = PBXFileReference; fileEncoding = 4; lastKnownFileType = sourcecode.swift; name = "PopupDialog+Keyboard.swift"; path = "third_party/PopupDialog/PopupDialog+Keyboard.swift"; sourceTree = "<group>"; };
		53FFFA7A1E72BB02000BEC96 /* PopupDialogButton.swift */ = {isa = PBXFileReference; fileEncoding = 4; lastKnownFileType = sourcecode.swift; name = PopupDialogButton.swift; path = third_party/PopupDialog/PopupDialogButton.swift; sourceTree = "<group>"; };
		53FFFA7B1E72BB02000BEC96 /* PopupDialogContainerView.swift */ = {isa = PBXFileReference; fileEncoding = 4; lastKnownFileType = sourcecode.swift; name = PopupDialogContainerView.swift; path = third_party/PopupDialog/PopupDialogContainerView.swift; sourceTree = "<group>"; };
		53FFFA7C1E72BB02000BEC96 /* PopupDialogDefaultButtons.swift */ = {isa = PBXFileReference; fileEncoding = 4; lastKnownFileType = sourcecode.swift; name = PopupDialogDefaultButtons.swift; path = third_party/PopupDialog/PopupDialogDefaultButtons.swift; sourceTree = "<group>"; };
		53FFFA7D1E72BB02000BEC96 /* PopupDialogDefaultView.swift */ = {isa = PBXFileReference; fileEncoding = 4; lastKnownFileType = sourcecode.swift; name = PopupDialogDefaultView.swift; path = third_party/PopupDialog/PopupDialogDefaultView.swift; sourceTree = "<group>"; };
		53FFFA7E1E72BB02000BEC96 /* PopupDialogDefaultViewController.swift */ = {isa = PBXFileReference; fileEncoding = 4; lastKnownFileType = sourcecode.swift; name = PopupDialogDefaultViewController.swift; path = third_party/PopupDialog/PopupDialogDefaultViewController.swift; sourceTree = "<group>"; };
		53FFFA7F1E72BB02000BEC96 /* PopupDialogOverlayView.swift */ = {isa = PBXFileReference; fileEncoding = 4; lastKnownFileType = sourcecode.swift; name = PopupDialogOverlayView.swift; path = third_party/PopupDialog/PopupDialogOverlayView.swift; sourceTree = "<group>"; };
		53FFFA801E72BB02000BEC96 /* PresentationController.swift */ = {isa = PBXFileReference; fileEncoding = 4; lastKnownFileType = sourcecode.swift; name = PresentationController.swift; path = third_party/PopupDialog/PresentationController.swift; sourceTree = "<group>"; };
		53FFFA811E72BB02000BEC96 /* PresentationManager.swift */ = {isa = PBXFileReference; fileEncoding = 4; lastKnownFileType = sourcecode.swift; name = PresentationManager.swift; path = third_party/PopupDialog/PresentationManager.swift; sourceTree = "<group>"; };
		53FFFA821E72BB02000BEC96 /* TransitionAnimations.swift */ = {isa = PBXFileReference; fileEncoding = 4; lastKnownFileType = sourcecode.swift; name = TransitionAnimations.swift; path = third_party/PopupDialog/TransitionAnimations.swift; sourceTree = "<group>"; };
		53FFFA831E72BB02000BEC96 /* TransitionAnimator.swift */ = {isa = PBXFileReference; fileEncoding = 4; lastKnownFileType = sourcecode.swift; name = TransitionAnimator.swift; path = third_party/PopupDialog/TransitionAnimator.swift; sourceTree = "<group>"; };
		53FFFA841E72BB02000BEC96 /* UIImageView+Calculations.swift */ = {isa = PBXFileReference; fileEncoding = 4; lastKnownFileType = sourcecode.swift; name = "UIImageView+Calculations.swift"; path = "third_party/PopupDialog/UIImageView+Calculations.swift"; sourceTree = "<group>"; };
		53FFFA851E72BB02000BEC96 /* UIView+Animations.swift */ = {isa = PBXFileReference; fileEncoding = 4; lastKnownFileType = sourcecode.swift; name = "UIView+Animations.swift"; path = "third_party/PopupDialog/UIView+Animations.swift"; sourceTree = "<group>"; };
		53FFFA861E72BB02000BEC96 /* UIViewController+Visibility.swift */ = {isa = PBXFileReference; fileEncoding = 4; lastKnownFileType = sourcecode.swift; name = "UIViewController+Visibility.swift"; path = "third_party/PopupDialog/UIViewController+Visibility.swift"; sourceTree = "<group>"; };
		53FFFA971E72BB0A000BEC96 /* TZSpacerView.swift */ = {isa = PBXFileReference; fileEncoding = 4; lastKnownFileType = sourcecode.swift; name = TZSpacerView.swift; path = third_party/TZStackView/TZSpacerView.swift; sourceTree = "<group>"; };
		53FFFA981E72BB0A000BEC96 /* TZStackView.swift */ = {isa = PBXFileReference; fileEncoding = 4; lastKnownFileType = sourcecode.swift; name = TZStackView.swift; path = third_party/TZStackView/TZStackView.swift; sourceTree = "<group>"; };
		53FFFA991E72BB0A000BEC96 /* TZStackViewAlignment.swift */ = {isa = PBXFileReference; fileEncoding = 4; lastKnownFileType = sourcecode.swift; name = TZStackViewAlignment.swift; path = third_party/TZStackView/TZStackViewAlignment.swift; sourceTree = "<group>"; };
		53FFFA9A1E72BB0A000BEC96 /* TZStackViewDistribution.swift */ = {isa = PBXFileReference; fileEncoding = 4; lastKnownFileType = sourcecode.swift; name = TZStackViewDistribution.swift; path = third_party/TZStackView/TZStackViewDistribution.swift; sourceTree = "<group>"; };
		53FFFAB41E72BD5E000BEC96 /* Base */ = {isa = PBXFileReference; lastKnownFileType = file.storyboard; name = Base; path = Base.lproj/Main.storyboard; sourceTree = "<group>"; };
		53FFFAC21E72BE70000BEC96 /* tr */ = {isa = PBXFileReference; lastKnownFileType = text.plist.strings; name = tr; path = Localization/tr.lproj/Localizable.strings; sourceTree = "<group>"; };
		53FFFAC41E72BE7B000BEC96 /* zh-Hans */ = {isa = PBXFileReference; lastKnownFileType = text.plist.strings; name = "zh-Hans"; path = "Localization/zh-Hans.lproj/Localizable.strings"; sourceTree = "<group>"; };
		53FFFAC51E72BE89000BEC96 /* Base */ = {isa = PBXFileReference; lastKnownFileType = text.plist.strings; name = Base; path = Localization/Base.lproj/Localizable.strings; sourceTree = "<group>"; };
		53FFFADD1E72C455000BEC96 /* questions */ = {isa = PBXFileReference; lastKnownFileType = folder; name = questions; path = ../questions; sourceTree = "<group>"; };
		53FFFAE71E72C4E4000BEC96 /* mchatreact.app */ = {isa = PBXFileReference; explicitFileType = wrapper.application; includeInIndex = 0; path = mchatreact.app; sourceTree = BUILT_PRODUCTS_DIR; };
		53FFFB161E72C696000BEC96 /* ResearchKit.xcodeproj */ = {isa = PBXFileReference; lastKnownFileType = "wrapper.pb-project"; name = ResearchKit.xcodeproj; path = "Otsimo Test/third_party/ResearchKit/ResearchKit.xcodeproj"; sourceTree = "<group>"; };
		53FFFB2C1E72CA12000BEC96 /* m-chat.pb.swift */ = {isa = PBXFileReference; fileEncoding = 4; lastKnownFileType = sourcecode.swift; name = "m-chat.pb.swift"; path = "protos/m-chat.pb.swift"; sourceTree = "<group>"; };
		53FFFB2D1E72CA12000BEC96 /* result.pb.swift */ = {isa = PBXFileReference; fileEncoding = 4; lastKnownFileType = sourcecode.swift; name = result.pb.swift; path = protos/result.pb.swift; sourceTree = "<group>"; };
/* End PBXFileReference section */

/* Begin PBXFrameworksBuildPhase section */
		53187F451E152DE300484994 /* Frameworks */ = {
			isa = PBXFrameworksBuildPhase;
			buildActionMask = 2147483647;
			files = (
				537C9D8A1E3F50870054AFA0 /* SystemConfiguration.framework in Frameworks */,
				537C9D881E3F50820054AFA0 /* CoreData.framework in Frameworks */,
				537C9D861E3F4FC40054AFA0 /* libGoogleAnalyticsServices.a in Frameworks */,
				53FFFB201E72C6B5000BEC96 /* ResearchKit.framework in Frameworks */,
			);
			runOnlyForDeploymentPostprocessing = 0;
		};
		53FFFAE41E72C4E4000BEC96 /* Frameworks */ = {
			isa = PBXFrameworksBuildPhase;
			buildActionMask = 2147483647;
			files = (
			);
			runOnlyForDeploymentPostprocessing = 0;
		};
/* End PBXFrameworksBuildPhase section */

/* Begin PBXGroup section */
		5309B1391E30C4160096A4FC /* ResearchKit Tasks */ = {
			isa = PBXGroup;
			children = (
				5394981F1E534ED6001053D4 /* mchat */,
				532A8B161E204B7000F1F6E3 /* mchat-rf */,
				532A8B151E204B5200F1F6E3 /* Consent */,
				538BCD211E2CF24F009F56EB /* InfoTask */,
			);
			name = "ResearchKit Tasks";
			sourceTree = "<group>";
		};
		5309B13C1E30C5780096A4FC /* AnalyseResult */ = {
			isa = PBXGroup;
			children = (
				53FFFA3B1E72B90B000BEC96 /* Analyse.swift */,
				53FFFA3C1E72B90B000BEC96 /* Analyse+Subject.swift */,
				53BDB7CF1E7BFCC500741FD7 /* Analyse-mChat.swift */,
				53C7AEE81E83DD8A0081B5A4 /* Analyse+PassFailHandler.swift */,
			);
			name = AnalyseResult;
			sourceTree = "<group>";
		};
		53187F3F1E152DE300484994 = {
			isa = PBXGroup;
			children = (
				53FFFB161E72C696000BEC96 /* ResearchKit.xcodeproj */,
				534A3B801E40BCAF005FA5F3 /* HTMLContent */,
				53FFFADD1E72C455000BEC96 /* questions */,
				53187F4A1E152DE300484994 /* Otsimo Test */,
				53C7AEF61E84055E0081B5A4 /* OneSignalNotificationServiceExtension */,
				53187F491E152DE300484994 /* Products */,
				537C9D841E3F4FC30054AFA0 /* Frameworks */,
			);
			sourceTree = "<group>";
		};
		53187F491E152DE300484994 /* Products */ = {
			isa = PBXGroup;
			children = (
				53187F481E152DE300484994 /* Otsimo Test.app */,
				53FFFAE71E72C4E4000BEC96 /* mchatreact.app */,
			);
			name = Products;
			sourceTree = "<group>";
		};
		53187F4A1E152DE300484994 /* Otsimo Test */ = {
			isa = PBXGroup;
			children = (
				53C7AF011E8406870081B5A4 /* Otsimo Test.entitlements */,
				53FFFA231E72B8A9000BEC96 /* GlobalKeys.swift */,
				53BD22951E7336AB00C255B3 /* ColorManager.swift */,
				53FFF9F41E72ACBA000BEC96 /* CustomSteps */,
				5326EE251E45F00D001F494B /* ThirdParty */,
				534D5BEA1E35E400001AB543 /* Otsimo Test-Bridging-Header.h */,
				53187F571E152DE300484994 /* Info.plist */,
				53187F4B1E152DE300484994 /* AppDelegate.swift */,
				53FFFA3F1E72B914000BEC96 /* DeviceInfo.swift */,
				53FFFA401E72B914000BEC96 /* Log.swift */,
				53FFFAC11E72BE70000BEC96 /* Localizable.strings */,
				5309B1361E2F71B30096A4FC /* Server.swift */,
				5309B13C1E30C5780096A4FC /* AnalyseResult */,
				537C9D7A1E3F484D0054AFA0 /* Analytics */,
				53E2BF3D1E2B7691008B3017 /* Controller */,
				538BCD281E2D178B009F56EB /* protos */,
				5309B1391E30C4160096A4FC /* ResearchKit Tasks */,
				53B2BD681E3B80A8001EC7E1 /* View */,
				1E0A0C971E89F03D000E1AE2 /* InfoPlist.strings */,
			);
			path = "Otsimo Test";
			sourceTree = "<group>";
		};
		5326EE251E45F00D001F494B /* ThirdParty */ = {
			isa = PBXGroup;
			children = (
				53DE97481E44AEED00B78298 /* PopupDialog */,
			);
			name = ThirdParty;
			sourceTree = "<group>";
		};
		532A8B151E204B5200F1F6E3 /* Consent */ = {
			isa = PBXGroup;
			children = (
				53FFFA111E72B898000BEC96 /* ConsentDocument.swift */,
				53FFFA121E72B898000BEC96 /* ConsentTask.swift */,
			);
			name = Consent;
			sourceTree = "<group>";
		};
		532A8B161E204B7000F1F6E3 /* mchat-rf */ = {
			isa = PBXGroup;
			children = (
				53FFFA151E72B89F000BEC96 /* GroupAnswer.swift */,
				53FFFA161E72B89F000BEC96 /* Pollster.swift */,
				53FFFA171E72B89F000BEC96 /* Pollster+QuestionFunc.swift */,
				53FFFA181E72B89F000BEC96 /* QueryActions.swift */,
				53FFFA191E72B89F000BEC96 /* ReadJSONs.swift */,
				53FFFA1A1E72B89F000BEC96 /* SurveryTask extension.swift */,
				53FFFA1B1E72B89F000BEC96 /* SurveyTask.swift */,
			);
			name = "mchat-rf";
			sourceTree = "<group>";
		};
		534A3B7E1E40BB40005FA5F3 /* CollectionView */ = {
			isa = PBXGroup;
			children = (
				534A3B8B1E40C4F6005FA5F3 /* WalkThroughCell */,
				53FFFA2F1E72B8F2000BEC96 /* ViewControll+ScrollViewDelegate.swift */,
				53FFFA301E72B8F2000BEC96 /* ViewController+CollectionDataSource.swift */,
				53FFFA311E72B8F2000BEC96 /* ViewController+CollectionDelegateFlowLayout.swift */,
			);
			name = CollectionView;
			sourceTree = "<group>";
		};
		534A3B801E40BCAF005FA5F3 /* HTMLContent */ = {
			isa = PBXGroup;
			children = (
				1EE99D4D1E857ACA008957EF /* AboutStudy_intro_tr.html */,
				1EE99D4E1E857ACA008957EF /* howstudyworks_intro_tr.html */,
				1EE99D4F1E857ACA008957EF /* main_intro_tr.html */,
				1EE99D501E857ACA008957EF /* whoisrunning_intro_tr.html */,
				53C7AF1F1E8438AD0081B5A4 /* AboutStudy_intro.html */,
				1EE99D551E857B24008957EF /* welcome.png */,
				53C7AF201E8438AD0081B5A4 /* howstudyworks_intro.html */,
				53C7AF211E8438AD0081B5A4 /* Intro_section_PD.css */,
				53C7AF221E8438AD0081B5A4 /* main_intro.html */,
				53C7AF231E8438AD0081B5A4 /* whoisrunning_intro.html */,
				53C7AF0D1E8437570081B5A4 /* img */,
				534A3B811E40BD14005FA5F3 /* 1.html */,
				534A3B821E40BD14005FA5F3 /* 2.html */,
			);
			name = HTMLContent;
			path = "Otsimo Test";
			sourceTree = "<group>";
		};
		534A3B8B1E40C4F6005FA5F3 /* WalkThroughCell */ = {
			isa = PBXGroup;
			children = (
				53FFFA351E72B8F9000BEC96 /* WalkThroughCell.swift */,
				53FFFA361E72B8F9000BEC96 /* WalkThroughCell.xib */,
			);
			name = WalkThroughCell;
			sourceTree = "<group>";
		};
		536EAB001E8945B6002D49F2 /* SumStepVC */ = {
			isa = PBXGroup;
			children = (
				53FFFA2A1E72B8E7000BEC96 /* SumStepVC+ResultPopup.swift */,
				536EAAF81E893A1F002D49F2 /* SumStepVC.swift */,
				1E0A0C831E897805000E1AE2 /* SumStepVC.xib */,
			);
			name = SumStepVC;
			sourceTree = "<group>";
		};
		536EAB011E8945C7002D49F2 /* CustomStepVC */ = {
			isa = PBXGroup;
			children = (
				53FFF9FB1E72B421000BEC96 /* CustomStep.swift */,
				1EE7E0A01E858A8200BF0AE1 /* CustomStepVC.xib */,
			);
			name = CustomStepVC;
			sourceTree = "<group>";
		};
		537C9D7A1E3F484D0054AFA0 /* Analytics */ = {
			isa = PBXGroup;
			children = (
				53FFFA391E72B903000BEC96 /* SurveyAnalytics.swift */,
				537C9D7D1E3F49310054AFA0 /* Analytics.swift */,
				537C9D7E1E3F49310054AFA0 /* GA.swift */,
			);
			name = Analytics;
			sourceTree = "<group>";
		};
		537C9D841E3F4FC30054AFA0 /* Frameworks */ = {
			isa = PBXGroup;
			children = (
				537C9D891E3F50870054AFA0 /* SystemConfiguration.framework */,
				537C9D871E3F50820054AFA0 /* CoreData.framework */,
				537C9D851E3F4FC40054AFA0 /* libGoogleAnalyticsServices.a */,
			);
			name = Frameworks;
			sourceTree = "<group>";
		};
		538BCD211E2CF24F009F56EB /* InfoTask */ = {
			isa = PBXGroup;
			children = (
				53FFFA0F1E72B88F000BEC96 /* InfoTask.swift */,
			);
			name = InfoTask;
			sourceTree = "<group>";
		};
		538BCD281E2D178B009F56EB /* protos */ = {
			isa = PBXGroup;
			children = (
				53FFFB2C1E72CA12000BEC96 /* m-chat.pb.swift */,
				53FFFB2D1E72CA12000BEC96 /* result.pb.swift */,
			);
			name = protos;
			sourceTree = "<group>";
		};
		5394981F1E534ED6001053D4 /* mchat */ = {
			isa = PBXGroup;
			children = (
				53FFFA251E72B8B3000BEC96 /* MchatSurvey.swift */,
			);
			name = mchat;
			sourceTree = "<group>";
		};
		53B2BD651E3B806A001EC7E1 /* ViewController */ = {
			isa = PBXGroup;
			children = (
				534A3B7E1E40BB40005FA5F3 /* CollectionView */,
				53FFFA291E72B8E7000BEC96 /* ViewController.swift */,
				536EAAFE1E8943C9002D49F2 /* ViewController+Popup.swift */,
				53FFFA2B1E72B8E7000BEC96 /* ViewController+TaskDelegate.swift */,
				53C7AEEC1E83FE0D0081B5A4 /* MyPlayground.playground */,
			);
			name = ViewController;
			sourceTree = "<group>";
		};
		53B2BD661E3B8077001EC7E1 /* ResultPopupControllers */ = {
			isa = PBXGroup;
			children = (
				53C7AEED1E8400DD0081B5A4 /* NotEligiblePopupController.swift */,
				53FFFA431E72B934000BEC96 /* HighResultPopupController.swift */,
				53FFFA441E72B934000BEC96 /* LowResultPopupController.swift */,
				53056C3D1E803FB200D11AFF /* SendEmailPopupController.swift */,
				53FFFA451E72B934000BEC96 /* MediumResultPopupController.swift */,
			);
			name = ResultPopupControllers;
			sourceTree = "<group>";
		};
		53B2BD671E3B808D001EC7E1 /* ResultPopupViews */ = {
			isa = PBXGroup;
			children = (
				1EE7E0B01E8594A300BF0AE1 /* HighResultPopup.xib */,
				1EE7E0A91E85949400BF0AE1 /* LowResultPopup.xib */,
				1EE7E0B71E8594B200BF0AE1 /* MediumResultPopup.xib */,
				1EE7E0BE1E8594BF00BF0AE1 /* SendEmailPopupController.xib */,
				1EE7E0C51E8594C800BF0AE1 /* NotEligiblePopupController.xib */,
			);
			name = ResultPopupViews;
			sourceTree = "<group>";
		};
		53B2BD681E3B80A8001EC7E1 /* View */ = {
			isa = PBXGroup;
			children = (
				53B2BD671E3B808D001EC7E1 /* ResultPopupViews */,
				53FFFA011E72B868000BEC96 /* Assets.xcassets */,
				53FFFA021E72B868000BEC96 /* LaunchScreen.storyboard */,
				53FFFAB51E72BD5E000BEC96 /* Main.storyboard */,
			);
			name = View;
			sourceTree = "<group>";
		};
		53C7AEF61E84055E0081B5A4 /* OneSignalNotificationServiceExtension */ = {
			isa = PBXGroup;
			children = (
				53C7AEF71E84055E0081B5A4 /* NotificationService.swift */,
				53C7AEF91E84055E0081B5A4 /* Info.plist */,
			);
			path = OneSignalNotificationServiceExtension;
			sourceTree = "<group>";
		};
		53C7AF0D1E8437570081B5A4 /* img */ = {
			isa = PBXGroup;
			children = (
				53C7AF291E8438B60081B5A4 /* welcome.png */,
			);
			path = img;
			sourceTree = "<group>";
		};
		53DE97481E44AEED00B78298 /* PopupDialog */ = {
			isa = PBXGroup;
			children = (
				53DE976E1E44AFE700B78298 /* TZStackView */,
				53FFFA741E72BAFB000BEC96 /* FXBlurView.h */,
				53FFFA751E72BAFB000BEC96 /* FXBlurView.m */,
				53FFFA771E72BB02000BEC96 /* InteractiveTransition.swift */,
				53FFFA781E72BB02000BEC96 /* PopupDialog.swift */,
				53FFFA791E72BB02000BEC96 /* PopupDialog+Keyboard.swift */,
				53FFFA7A1E72BB02000BEC96 /* PopupDialogButton.swift */,
				53FFFA7B1E72BB02000BEC96 /* PopupDialogContainerView.swift */,
				53FFFA7C1E72BB02000BEC96 /* PopupDialogDefaultButtons.swift */,
				53FFFA7D1E72BB02000BEC96 /* PopupDialogDefaultView.swift */,
				53FFFA7E1E72BB02000BEC96 /* PopupDialogDefaultViewController.swift */,
				53FFFA7F1E72BB02000BEC96 /* PopupDialogOverlayView.swift */,
				53FFFA801E72BB02000BEC96 /* PresentationController.swift */,
				53FFFA811E72BB02000BEC96 /* PresentationManager.swift */,
				53FFFA821E72BB02000BEC96 /* TransitionAnimations.swift */,
				53FFFA831E72BB02000BEC96 /* TransitionAnimator.swift */,
				53FFFA841E72BB02000BEC96 /* UIImageView+Calculations.swift */,
				53FFFA851E72BB02000BEC96 /* UIView+Animations.swift */,
				53FFFA861E72BB02000BEC96 /* UIViewController+Visibility.swift */,
			);
			name = PopupDialog;
			sourceTree = "<group>";
		};
		53DE976E1E44AFE700B78298 /* TZStackView */ = {
			isa = PBXGroup;
			children = (
				53FFFA971E72BB0A000BEC96 /* TZSpacerView.swift */,
				53FFFA981E72BB0A000BEC96 /* TZStackView.swift */,
				53FFFA991E72BB0A000BEC96 /* TZStackViewAlignment.swift */,
				53FFFA9A1E72BB0A000BEC96 /* TZStackViewDistribution.swift */,
			);
			name = TZStackView;
			sourceTree = "<group>";
		};
		53E2BF3D1E2B7691008B3017 /* Controller */ = {
			isa = PBXGroup;
			children = (
				53B2BD651E3B806A001EC7E1 /* ViewController */,
				53B2BD661E3B8077001EC7E1 /* ResultPopupControllers */,
			);
			name = Controller;
			sourceTree = "<group>";
		};
		53FFF9F41E72ACBA000BEC96 /* CustomSteps */ = {
			isa = PBXGroup;
			children = (
				536EAB011E8945C7002D49F2 /* CustomStepVC */,
				53FFF9FD1E72B421000BEC96 /* CustomViewController.swift */,
				536EAB001E8945B6002D49F2 /* SumStepVC */,
			);
			name = CustomSteps;
			sourceTree = "<group>";
		};
		53FFFB171E72C696000BEC96 /* Products */ = {
			isa = PBXGroup;
			children = (
				53FFFB1D1E72C696000BEC96 /* ResearchKit.framework */,
				53FFFB1F1E72C696000BEC96 /* ResearchKitTests.xctest */,
			);
			name = Products;
			sourceTree = "<group>";
		};
/* End PBXGroup section */

/* Begin PBXNativeTarget section */
		53187F471E152DE300484994 /* Otsimo Test */ = {
			isa = PBXNativeTarget;
			buildConfigurationList = 53187F5A1E152DE300484994 /* Build configuration list for PBXNativeTarget "Otsimo Test" */;
			buildPhases = (
				53187F441E152DE300484994 /* Sources */,
				53187F451E152DE300484994 /* Frameworks */,
				53187F461E152DE300484994 /* Resources */,
				532A8B081E1D812800F1F6E3 /* Carthage */,
			);
			buildRules = (
			);
			dependencies = (
				53FFFB231E72C6B5000BEC96 /* PBXTargetDependency */,
			);
			name = "Otsimo Test";
			productName = "Otsimo Test";
			productReference = 53187F481E152DE300484994 /* Otsimo Test.app */;
			productType = "com.apple.product-type.application";
		};
		53FFFAE61E72C4E4000BEC96 /* mchatreact */ = {
			isa = PBXNativeTarget;
			buildConfigurationList = 53FFFAFB1E72C4E4000BEC96 /* Build configuration list for PBXNativeTarget "mchatreact" */;
			buildPhases = (
				53FFFAE31E72C4E4000BEC96 /* Sources */,
				53FFFAE41E72C4E4000BEC96 /* Frameworks */,
				53FFFAE51E72C4E4000BEC96 /* Resources */,
			);
			buildRules = (
			);
			dependencies = (
			);
			name = mchatreact;
			productName = mchatreact;
			productReference = 53FFFAE71E72C4E4000BEC96 /* mchatreact.app */;
			productType = "com.apple.product-type.application";
		};
/* End PBXNativeTarget section */

/* Begin PBXProject section */
		53187F401E152DE300484994 /* Project object */ = {
			isa = PBXProject;
			attributes = {
				LastSwiftUpdateCheck = 0820;
				LastUpgradeCheck = 0820;
				ORGANIZATIONNAME = mdemirci;
				TargetAttributes = {
					53187F471E152DE300484994 = {
						CreatedOnToolsVersion = 8.1;
						DevelopmentTeam = LUBGWANK4N;
						LastSwiftMigration = 0820;
						ProvisioningStyle = Automatic;
						SystemCapabilities = {
							com.apple.BackgroundModes = {
								enabled = 1;
							};
							com.apple.Push = {
								enabled = 1;
							};
						};
					};
					53FFFAE61E72C4E4000BEC96 = {
						CreatedOnToolsVersion = 8.2.1;
						DevelopmentTeam = LUBGWANK4N;
						ProvisioningStyle = Automatic;
					};
				};
			};
			buildConfigurationList = 53187F431E152DE300484994 /* Build configuration list for PBXProject "OtsimoTest" */;
			compatibilityVersion = "Xcode 3.2";
			developmentRegion = English;
			hasScannedForEncodings = 0;
			knownRegions = (
				en,
				Base,
				ar,
				ca,
				cs,
				da,
				de,
				el,
				en_AU,
				en_GB,
				es,
				es_MX,
				fi,
				fr,
				fr_CA,
				he,
				hi,
				hr,
				hu,
				id,
				it,
				ja,
				ko,
				ms,
				nl,
				no,
				pl,
				pt,
				pt_PT,
				ro,
				ru,
				sk,
				sv,
				th,
				tr,
				uk,
				vi,
				zh_CN,
				zh_HK,
				zh_TW,
				"es-MX",
				nb,
				"pt-PT",
				"zh-Hans",
				"zh-Hant",
				"en-US-POSIX",
			);
			mainGroup = 53187F3F1E152DE300484994;
			productRefGroup = 53187F491E152DE300484994 /* Products */;
			projectDirPath = "";
			projectReferences = (
				{
					ProductGroup = 53FFFB171E72C696000BEC96 /* Products */;
					ProjectRef = 53FFFB161E72C696000BEC96 /* ResearchKit.xcodeproj */;
				},
			);
			projectRoot = "";
			targets = (
				53187F471E152DE300484994 /* Otsimo Test */,
				53FFFAE61E72C4E4000BEC96 /* mchatreact */,
			);
		};
/* End PBXProject section */

/* Begin PBXReferenceProxy section */
		53FFFB1D1E72C696000BEC96 /* ResearchKit.framework */ = {
			isa = PBXReferenceProxy;
			fileType = wrapper.framework;
			path = ResearchKit.framework;
			remoteRef = 53FFFB1C1E72C696000BEC96 /* PBXContainerItemProxy */;
			sourceTree = BUILT_PRODUCTS_DIR;
		};
		53FFFB1F1E72C696000BEC96 /* ResearchKitTests.xctest */ = {
			isa = PBXReferenceProxy;
			fileType = wrapper.cfbundle;
			path = ResearchKitTests.xctest;
			remoteRef = 53FFFB1E1E72C696000BEC96 /* PBXContainerItemProxy */;
			sourceTree = BUILT_PRODUCTS_DIR;
		};
/* End PBXReferenceProxy section */

/* Begin PBXResourcesBuildPhase section */
		53187F461E152DE300484994 /* Resources */ = {
			isa = PBXResourcesBuildPhase;
			buildActionMask = 2147483647;
			files = (
				53C7AF261E8438AD0081B5A4 /* Intro_section_PD.css in Resources */,
				53FFFA041E72B868000BEC96 /* Assets.xcassets in Resources */,
				1EE7E0B51E8594B200BF0AE1 /* MediumResultPopup.xib in Resources */,
				1EE99D521E857ACA008957EF /* howstudyworks_intro_tr.html in Resources */,
				53FFFAC31E72BE70000BEC96 /* Localizable.strings in Resources */,
				1EE99D531E857ACA008957EF /* main_intro_tr.html in Resources */,
				53C7AF2A1E8438B60081B5A4 /* welcome.png in Resources */,
				1EE7E0C31E8594C800BF0AE1 /* NotEligiblePopupController.xib in Resources */,
				1EE99D541E857ACA008957EF /* whoisrunning_intro_tr.html in Resources */,
				53FFFA381E72B8F9000BEC96 /* WalkThroughCell.xib in Resources */,
				1E0A0C811E897805000E1AE2 /* SumStepVC.xib in Resources */,
				53FFFAB31E72BD5E000BEC96 /* Main.storyboard in Resources */,
				1EE7E0AE1E8594A300BF0AE1 /* HighResultPopup.xib in Resources */,
				534A3B831E40BD14005FA5F3 /* 1.html in Resources */,
				1EE99D511E857ACA008957EF /* AboutStudy_intro_tr.html in Resources */,
				53FFFADE1E72C455000BEC96 /* questions in Resources */,
				1E0A0C951E89F03D000E1AE2 /* InfoPlist.strings in Resources */,
				53C7AF241E8438AD0081B5A4 /* AboutStudy_intro.html in Resources */,
				1EE99D561E857B24008957EF /* welcome.png in Resources */,
				1EE7E0BC1E8594BF00BF0AE1 /* SendEmailPopupController.xib in Resources */,
				53C7AF251E8438AD0081B5A4 /* howstudyworks_intro.html in Resources */,
				53C7AF271E8438AD0081B5A4 /* main_intro.html in Resources */,
				1EE7E0A71E85949400BF0AE1 /* LowResultPopup.xib in Resources */,
				53C7AF281E8438AD0081B5A4 /* whoisrunning_intro.html in Resources */,
				53FFFA051E72B868000BEC96 /* LaunchScreen.storyboard in Resources */,
				1EE7E09E1E858A8200BF0AE1 /* CustomStepVC.xib in Resources */,
				534A3B841E40BD14005FA5F3 /* 2.html in Resources */,
			);
			runOnlyForDeploymentPostprocessing = 0;
		};
		53FFFAE51E72C4E4000BEC96 /* Resources */ = {
			isa = PBXResourcesBuildPhase;
			buildActionMask = 2147483647;
			files = (
			);
			runOnlyForDeploymentPostprocessing = 0;
		};
/* End PBXResourcesBuildPhase section */

/* Begin PBXShellScriptBuildPhase section */
		532A8B081E1D812800F1F6E3 /* Carthage */ = {
			isa = PBXShellScriptBuildPhase;
			buildActionMask = 2147483647;
			files = (
			);
			inputPaths = (
				"$(SRCROOT)/Carthage/Build/iOS/SwiftProtobuf.framework",
				"$(SRCROOT)/Carthage/Build/iOS/OneSignal.framework",
			);
			name = Carthage;
			outputPaths = (
			);
			runOnlyForDeploymentPostprocessing = 0;
			shellPath = /bin/sh;
			shellScript = "/usr/local/bin/carthage copy-frameworks";
		};
/* End PBXShellScriptBuildPhase section */

/* Begin PBXSourcesBuildPhase section */
		53187F441E152DE300484994 /* Sources */ = {
			isa = PBXSourcesBuildPhase;
			buildActionMask = 2147483647;
			files = (
				53FFFA241E72B8A9000BEC96 /* GlobalKeys.swift in Sources */,
				53FFFA761E72BAFB000BEC96 /* FXBlurView.m in Sources */,
				53FFFA871E72BB02000BEC96 /* InteractiveTransition.swift in Sources */,
				53FFFA921E72BB02000BEC96 /* TransitionAnimations.swift in Sources */,
				53FFFB2E1E72CA12000BEC96 /* m-chat.pb.swift in Sources */,
				53FFFA131E72B898000BEC96 /* ConsentDocument.swift in Sources */,
				53FFFA901E72BB02000BEC96 /* PresentationController.swift in Sources */,
				53FFFA3D1E72B90B000BEC96 /* Analyse.swift in Sources */,
				53FFFA331E72B8F2000BEC96 /* ViewController+CollectionDataSource.swift in Sources */,
				53FFF9FE1E72B421000BEC96 /* CustomStep.swift in Sources */,
				53FFFA9E1E72BB0A000BEC96 /* TZStackViewDistribution.swift in Sources */,
				53BDB7D01E7BFCC500741FD7 /* Analyse-mChat.swift in Sources */,
				53FFFA101E72B88F000BEC96 /* InfoTask.swift in Sources */,
				53FFFA1E1E72B89F000BEC96 /* Pollster+QuestionFunc.swift in Sources */,
				536EAAFA1E893A1F002D49F2 /* SumStepVC.swift in Sources */,
				53FFFA8F1E72BB02000BEC96 /* PopupDialogOverlayView.swift in Sources */,
				53FFFA1C1E72B89F000BEC96 /* GroupAnswer.swift in Sources */,
				53FFFA3E1E72B90B000BEC96 /* Analyse+Subject.swift in Sources */,
				53FFFA9B1E72BB0A000BEC96 /* TZSpacerView.swift in Sources */,
				53FFFA891E72BB02000BEC96 /* PopupDialog+Keyboard.swift in Sources */,
				53FFFA3A1E72B903000BEC96 /* SurveyAnalytics.swift in Sources */,
				53C7AEEF1E8400DD0081B5A4 /* NotEligiblePopupController.swift in Sources */,
				53FFFA9C1E72BB0A000BEC96 /* TZStackView.swift in Sources */,
				53FFFA201E72B89F000BEC96 /* ReadJSONs.swift in Sources */,
				53FFFA421E72B914000BEC96 /* Log.swift in Sources */,
				5309B1371E2F71B30096A4FC /* Server.swift in Sources */,
				53FFFA1F1E72B89F000BEC96 /* QueryActions.swift in Sources */,
				53FFFA961E72BB02000BEC96 /* UIViewController+Visibility.swift in Sources */,
				53FFFA8C1E72BB02000BEC96 /* PopupDialogDefaultButtons.swift in Sources */,
				53FFFA471E72B934000BEC96 /* LowResultPopupController.swift in Sources */,
				53FFFA8B1E72BB02000BEC96 /* PopupDialogContainerView.swift in Sources */,
				53FFFA371E72B8F9000BEC96 /* WalkThroughCell.swift in Sources */,
				53FFFA1D1E72B89F000BEC96 /* Pollster.swift in Sources */,
				53FFFA9D1E72BB0A000BEC96 /* TZStackViewAlignment.swift in Sources */,
				53FFFA411E72B914000BEC96 /* DeviceInfo.swift in Sources */,
				53056C3F1E803FB200D11AFF /* SendEmailPopupController.swift in Sources */,
				53FFFA261E72B8B3000BEC96 /* MchatSurvey.swift in Sources */,
				53FFFA2E1E72B8E7000BEC96 /* ViewController+TaskDelegate.swift in Sources */,
				53FFFA911E72BB02000BEC96 /* PresentationManager.swift in Sources */,
				53FFFA481E72B934000BEC96 /* MediumResultPopupController.swift in Sources */,
				537C9D801E3F49310054AFA0 /* GA.swift in Sources */,
				53FFFA8A1E72BB02000BEC96 /* PopupDialogButton.swift in Sources */,
				537C9D7F1E3F49310054AFA0 /* Analytics.swift in Sources */,
				53FFFA341E72B8F2000BEC96 /* ViewController+CollectionDelegateFlowLayout.swift in Sources */,
				53FFFA8E1E72BB02000BEC96 /* PopupDialogDefaultViewController.swift in Sources */,
				53FFFB2F1E72CA12000BEC96 /* result.pb.swift in Sources */,
				53FFFA2D1E72B8E7000BEC96 /* SumStepVC+ResultPopup.swift in Sources */,
				53C7AEE91E83DD8A0081B5A4 /* Analyse+PassFailHandler.swift in Sources */,
				53FFFA141E72B898000BEC96 /* ConsentTask.swift in Sources */,
				53FFFA931E72BB02000BEC96 /* TransitionAnimator.swift in Sources */,
				53BD22961E7336AB00C255B3 /* ColorManager.swift in Sources */,
				53FFFA941E72BB02000BEC96 /* UIImageView+Calculations.swift in Sources */,
				53FFFA221E72B89F000BEC96 /* SurveyTask.swift in Sources */,
				53FFFA461E72B934000BEC96 /* HighResultPopupController.swift in Sources */,
				53FFFA2C1E72B8E7000BEC96 /* ViewController.swift in Sources */,
				53FFFA001E72B421000BEC96 /* CustomViewController.swift in Sources */,
				53FFFA321E72B8F2000BEC96 /* ViewControll+ScrollViewDelegate.swift in Sources */,
				536EAAFF1E8943C9002D49F2 /* ViewController+Popup.swift in Sources */,
				53FFFA951E72BB02000BEC96 /* UIView+Animations.swift in Sources */,
				53FFFA881E72BB02000BEC96 /* PopupDialog.swift in Sources */,
				53FFFA8D1E72BB02000BEC96 /* PopupDialogDefaultView.swift in Sources */,
				53187F4C1E152DE300484994 /* AppDelegate.swift in Sources */,
				53FFFA211E72B89F000BEC96 /* SurveryTask extension.swift in Sources */,
			);
			runOnlyForDeploymentPostprocessing = 0;
		};
		53FFFAE31E72C4E4000BEC96 /* Sources */ = {
			isa = PBXSourcesBuildPhase;
			buildActionMask = 2147483647;
			files = (
			);
			runOnlyForDeploymentPostprocessing = 0;
		};
/* End PBXSourcesBuildPhase section */

/* Begin PBXTargetDependency section */
		53FFFB231E72C6B5000BEC96 /* PBXTargetDependency */ = {
			isa = PBXTargetDependency;
			name = ResearchKit;
			targetProxy = 53FFFB221E72C6B5000BEC96 /* PBXContainerItemProxy */;
		};
/* End PBXTargetDependency section */

/* Begin PBXVariantGroup section */
		1E0A0C831E897805000E1AE2 /* SumStepVC.xib */ = {
			isa = PBXVariantGroup;
			children = (
				1E0A0C821E897805000E1AE2 /* Base */,
				1E0A0C871E897808000E1AE2 /* en */,
				1E0A0C891E89780A000E1AE2 /* tr */,
			);
			name = SumStepVC.xib;
			sourceTree = "<group>";
		};
		1E0A0C971E89F03D000E1AE2 /* InfoPlist.strings */ = {
			isa = PBXVariantGroup;
			children = (
				1E0A0C991E89F042000E1AE2 /* tr */,
				1E0A0C9A1E89F067000E1AE2 /* en */,
			);
			name = InfoPlist.strings;
			sourceTree = "<group>";
		};
		1EE7E0A01E858A8200BF0AE1 /* CustomStepVC.xib */ = {
			isa = PBXVariantGroup;
			children = (
				1EE7E09F1E858A8200BF0AE1 /* Base */,
				1EE7E0A41E858A8900BF0AE1 /* tr */,
				1EE7E0A61E858A8D00BF0AE1 /* en */,
			);
			name = CustomStepVC.xib;
			path = CustomSteps;
			sourceTree = "<group>";
		};
		1EE7E0A91E85949400BF0AE1 /* LowResultPopup.xib */ = {
			isa = PBXVariantGroup;
			children = (
				1EE7E0A81E85949400BF0AE1 /* Base */,
				1EE7E0AB1E85949700BF0AE1 /* en */,
				1EE7E0AD1E85949A00BF0AE1 /* tr */,
			);
			name = LowResultPopup.xib;
			path = Views/ResultPopupViews;
			sourceTree = "<group>";
		};
		1EE7E0B01E8594A300BF0AE1 /* HighResultPopup.xib */ = {
			isa = PBXVariantGroup;
			children = (
				1EE7E0AF1E8594A300BF0AE1 /* Base */,
				1EE7E0B21E8594A600BF0AE1 /* en */,
				1EE7E0B41E8594A900BF0AE1 /* tr */,
			);
			name = HighResultPopup.xib;
			path = Views/ResultPopupViews;
			sourceTree = "<group>";
		};
		1EE7E0B71E8594B200BF0AE1 /* MediumResultPopup.xib */ = {
			isa = PBXVariantGroup;
			children = (
				1EE7E0B61E8594B200BF0AE1 /* Base */,
				1EE7E0B91E8594B400BF0AE1 /* en */,
				1EE7E0BB1E8594B700BF0AE1 /* tr */,
			);
			name = MediumResultPopup.xib;
			path = Views/ResultPopupViews;
			sourceTree = "<group>";
		};
		1EE7E0BE1E8594BF00BF0AE1 /* SendEmailPopupController.xib */ = {
			isa = PBXVariantGroup;
			children = (
				1EE7E0BD1E8594BF00BF0AE1 /* Base */,
				1EE7E0C01E8594C100BF0AE1 /* en */,
				1EE7E0C21E8594C400BF0AE1 /* tr */,
			);
			name = SendEmailPopupController.xib;
			sourceTree = "<group>";
		};
		1EE7E0C51E8594C800BF0AE1 /* NotEligiblePopupController.xib */ = {
			isa = PBXVariantGroup;
			children = (
				1EE7E0C41E8594C800BF0AE1 /* Base */,
				1EE7E0C71E8594CB00BF0AE1 /* en */,
				1EE7E0C91E8594CF00BF0AE1 /* tr */,
			);
			name = NotEligiblePopupController.xib;
			sourceTree = "<group>";
		};
		53FFFAB51E72BD5E000BEC96 /* Main.storyboard */ = {
			isa = PBXVariantGroup;
			children = (
				53FFFAB41E72BD5E000BEC96 /* Base */,
				1EE99D421E85778E008957EF /* en */,
				1EE99D441E857792008957EF /* tr */,
			);
			name = Main.storyboard;
			path = Views;
			sourceTree = "<group>";
		};
		53FFFAC11E72BE70000BEC96 /* Localizable.strings */ = {
			isa = PBXVariantGroup;
			children = (
				53FFFAC21E72BE70000BEC96 /* tr */,
				53FFFAC41E72BE7B000BEC96 /* zh-Hans */,
				53FFFAC51E72BE89000BEC96 /* Base */,
			);
			name = Localizable.strings;
			sourceTree = "<group>";
		};
/* End PBXVariantGroup section */

/* Begin XCBuildConfiguration section */
		53187F581E152DE300484994 /* Debug */ = {
			isa = XCBuildConfiguration;
			buildSettings = {
				ALWAYS_SEARCH_USER_PATHS = NO;
				CLANG_ANALYZER_LOCALIZABILITY_NONLOCALIZED = YES;
				CLANG_ANALYZER_NONNULL = YES;
				CLANG_CXX_LANGUAGE_STANDARD = "gnu++0x";
				CLANG_CXX_LIBRARY = "libc++";
				CLANG_ENABLE_MODULES = YES;
				CLANG_ENABLE_OBJC_ARC = YES;
				CLANG_WARN_BOOL_CONVERSION = YES;
				CLANG_WARN_CONSTANT_CONVERSION = YES;
				CLANG_WARN_DIRECT_OBJC_ISA_USAGE = YES_ERROR;
				CLANG_WARN_DOCUMENTATION_COMMENTS = YES;
				CLANG_WARN_EMPTY_BODY = YES;
				CLANG_WARN_ENUM_CONVERSION = YES;
				CLANG_WARN_INFINITE_RECURSION = YES;
				CLANG_WARN_INT_CONVERSION = YES;
				CLANG_WARN_OBJC_ROOT_CLASS = YES_ERROR;
				CLANG_WARN_SUSPICIOUS_MOVE = YES;
				CLANG_WARN_SUSPICIOUS_MOVES = YES;
				CLANG_WARN_UNREACHABLE_CODE = YES;
				CLANG_WARN__DUPLICATE_METHOD_MATCH = YES;
				"CODE_SIGN_IDENTITY[sdk=iphoneos*]" = "iPhone Developer";
				COPY_PHASE_STRIP = NO;
				DEBUG_INFORMATION_FORMAT = dwarf;
				ENABLE_STRICT_OBJC_MSGSEND = YES;
				ENABLE_TESTABILITY = YES;
				GCC_C_LANGUAGE_STANDARD = gnu99;
				GCC_DYNAMIC_NO_PIC = NO;
				GCC_NO_COMMON_BLOCKS = YES;
				GCC_OPTIMIZATION_LEVEL = 0;
				GCC_PREPROCESSOR_DEFINITIONS = (
					"DEBUG=1",
					"$(inherited)",
				);
				GCC_WARN_64_TO_32_BIT_CONVERSION = YES;
				GCC_WARN_ABOUT_RETURN_TYPE = YES_ERROR;
				GCC_WARN_UNDECLARED_SELECTOR = YES;
				GCC_WARN_UNINITIALIZED_AUTOS = YES_AGGRESSIVE;
				GCC_WARN_UNUSED_FUNCTION = YES;
				GCC_WARN_UNUSED_VARIABLE = YES;
				IPHONEOS_DEPLOYMENT_TARGET = 9.0;
				MTL_ENABLE_DEBUG_INFO = YES;
				ONLY_ACTIVE_ARCH = YES;
				SDKROOT = iphoneos;
				SWIFT_ACTIVE_COMPILATION_CONDITIONS = DEBUG;
				SWIFT_OPTIMIZATION_LEVEL = "-Onone";
				TARGETED_DEVICE_FAMILY = "1,2";
			};
			name = Debug;
		};
		53187F591E152DE300484994 /* Release */ = {
			isa = XCBuildConfiguration;
			buildSettings = {
				ALWAYS_SEARCH_USER_PATHS = NO;
				CLANG_ANALYZER_LOCALIZABILITY_NONLOCALIZED = YES;
				CLANG_ANALYZER_NONNULL = YES;
				CLANG_CXX_LANGUAGE_STANDARD = "gnu++0x";
				CLANG_CXX_LIBRARY = "libc++";
				CLANG_ENABLE_MODULES = YES;
				CLANG_ENABLE_OBJC_ARC = YES;
				CLANG_WARN_BOOL_CONVERSION = YES;
				CLANG_WARN_CONSTANT_CONVERSION = YES;
				CLANG_WARN_DIRECT_OBJC_ISA_USAGE = YES_ERROR;
				CLANG_WARN_DOCUMENTATION_COMMENTS = YES;
				CLANG_WARN_EMPTY_BODY = YES;
				CLANG_WARN_ENUM_CONVERSION = YES;
				CLANG_WARN_INFINITE_RECURSION = YES;
				CLANG_WARN_INT_CONVERSION = YES;
				CLANG_WARN_OBJC_ROOT_CLASS = YES_ERROR;
				CLANG_WARN_SUSPICIOUS_MOVE = YES;
				CLANG_WARN_SUSPICIOUS_MOVES = YES;
				CLANG_WARN_UNREACHABLE_CODE = YES;
				CLANG_WARN__DUPLICATE_METHOD_MATCH = YES;
				"CODE_SIGN_IDENTITY[sdk=iphoneos*]" = "iPhone Developer";
				COPY_PHASE_STRIP = NO;
				DEBUG_INFORMATION_FORMAT = "dwarf-with-dsym";
				ENABLE_NS_ASSERTIONS = NO;
				ENABLE_STRICT_OBJC_MSGSEND = YES;
				GCC_C_LANGUAGE_STANDARD = gnu99;
				GCC_NO_COMMON_BLOCKS = YES;
				GCC_WARN_64_TO_32_BIT_CONVERSION = YES;
				GCC_WARN_ABOUT_RETURN_TYPE = YES_ERROR;
				GCC_WARN_UNDECLARED_SELECTOR = YES;
				GCC_WARN_UNINITIALIZED_AUTOS = YES_AGGRESSIVE;
				GCC_WARN_UNUSED_FUNCTION = YES;
				GCC_WARN_UNUSED_VARIABLE = YES;
				IPHONEOS_DEPLOYMENT_TARGET = 9.0;
				MTL_ENABLE_DEBUG_INFO = NO;
				SDKROOT = iphoneos;
				SWIFT_OPTIMIZATION_LEVEL = "-Owholemodule";
				TARGETED_DEVICE_FAMILY = "1,2";
				VALIDATE_PRODUCT = YES;
			};
			name = Release;
		};
		53187F5B1E152DE300484994 /* Debug */ = {
			isa = XCBuildConfiguration;
			buildSettings = {
				ALWAYS_EMBED_SWIFT_STANDARD_LIBRARIES = YES;
				ASSETCATALOG_COMPILER_APPICON_NAME = AppIcon;
				CLANG_ENABLE_MODULES = YES;
				CODE_SIGN_ENTITLEMENTS = "Otsimo Test/Otsimo Test.entitlements";
				CODE_SIGN_IDENTITY = "iPhone Distribution: Otsimo Bilisim Anonim Sirketi (LUBGWANK4N)";
				"CODE_SIGN_IDENTITY[sdk=iphoneos*]" = "iPhone Developer";
				DEVELOPMENT_TEAM = LUBGWANK4N;
				FRAMEWORK_SEARCH_PATHS = (
					"$(inherited)",
					"$(PROJECT_DIR)/Carthage/Build/iOS",
				);
				HEADER_SEARCH_PATHS = (
					"\"$(SRCROOT)/Otsimo Test/third_party/GoogleAnalyticsServicesiOS_3.16/GoogleAnalytics/Library\"",
					"\"$(SRCROOT)/Otsimo Test/third_party/GoogleAnalyticsServicesiOS_3.16/GoogleTagManager/Library\"",
				);
				INFOPLIST_FILE = "Otsimo Test/Info.plist";
				IPHONEOS_DEPLOYMENT_TARGET = 9.0;
				LD_RUNPATH_SEARCH_PATHS = "$(inherited) @executable_path/Frameworks";
				LIBRARY_SEARCH_PATHS = (
					"$(inherited)",
					"\"$(SRCROOT)/Otsimo Test/third_party/GoogleAnalyticsServicesiOS_3.16\"",
				);
				OTHER_LDFLAGS = (
					"$(OTHER_LDFLAGS)",
					"-ObjC",
					"-lz",
					"-lsqlite3",
				);
				PRODUCT_BUNDLE_IDENTIFIER = com.otsimo.mchat;
				PRODUCT_NAME = "$(TARGET_NAME)";
				SWIFT_OBJC_BRIDGING_HEADER = "Otsimo Test/Otsimo Test-Bridging-Header.h";
				SWIFT_OPTIMIZATION_LEVEL = "-Onone";
				SWIFT_VERSION = 3.0;
				TARGETED_DEVICE_FAMILY = 1;
			};
			name = Debug;
		};
		53187F5C1E152DE300484994 /* Release */ = {
			isa = XCBuildConfiguration;
			buildSettings = {
				ALWAYS_EMBED_SWIFT_STANDARD_LIBRARIES = YES;
				ASSETCATALOG_COMPILER_APPICON_NAME = AppIcon;
				CLANG_ENABLE_MODULES = YES;
				CODE_SIGN_ENTITLEMENTS = "Otsimo Test/Otsimo Test.entitlements";
				CODE_SIGN_IDENTITY = "iPhone Distribution: Otsimo Bilisim Anonim Sirketi (LUBGWANK4N)";
				"CODE_SIGN_IDENTITY[sdk=iphoneos*]" = "iPhone Developer";
				DEVELOPMENT_TEAM = LUBGWANK4N;
				FRAMEWORK_SEARCH_PATHS = (
					"$(inherited)",
					"$(PROJECT_DIR)/Carthage/Build/iOS",
				);
				HEADER_SEARCH_PATHS = (
					"\"$(SRCROOT)/Otsimo Test/third_party/GoogleAnalyticsServicesiOS_3.16/GoogleAnalytics/Library\"",
					"\"$(SRCROOT)/Otsimo Test/third_party/GoogleAnalyticsServicesiOS_3.16/GoogleTagManager/Library\"",
				);
				INFOPLIST_FILE = "Otsimo Test/Info.plist";
				IPHONEOS_DEPLOYMENT_TARGET = 9.0;
				LD_RUNPATH_SEARCH_PATHS = "$(inherited) @executable_path/Frameworks";
				LIBRARY_SEARCH_PATHS = (
					"$(inherited)",
					"\"$(SRCROOT)/Otsimo Test/third_party/GoogleAnalyticsServicesiOS_3.16\"",
				);
				OTHER_LDFLAGS = (
					"$(OTHER_LDFLAGS)",
					"-ObjC",
					"-lz",
					"-lsqlite3",
				);
				PRODUCT_BUNDLE_IDENTIFIER = com.otsimo.mchat;
				PRODUCT_NAME = "$(TARGET_NAME)";
				SWIFT_OBJC_BRIDGING_HEADER = "Otsimo Test/Otsimo Test-Bridging-Header.h";
				SWIFT_VERSION = 3.0;
				TARGETED_DEVICE_FAMILY = 1;
			};
			name = Release;
		};
		53FFFAFC1E72C4E4000BEC96 /* Debug */ = {
			isa = XCBuildConfiguration;
			buildSettings = {
				ASSETCATALOG_COMPILER_APPICON_NAME = AppIcon;
				DEVELOPMENT_TEAM = LUBGWANK4N;
				INFOPLIST_FILE = mchatreact/Info.plist;
				IPHONEOS_DEPLOYMENT_TARGET = 10.2;
				LD_RUNPATH_SEARCH_PATHS = "$(inherited) @executable_path/Frameworks";
				PRODUCT_BUNDLE_IDENTIFIER = com.otsimo.mchatreact;
				PRODUCT_NAME = "$(TARGET_NAME)";
				TARGETED_DEVICE_FAMILY = "1,2";
			};
			name = Debug;
		};
		53FFFAFD1E72C4E4000BEC96 /* Release */ = {
			isa = XCBuildConfiguration;
			buildSettings = {
				ASSETCATALOG_COMPILER_APPICON_NAME = AppIcon;
				DEVELOPMENT_TEAM = LUBGWANK4N;
				INFOPLIST_FILE = mchatreact/Info.plist;
				IPHONEOS_DEPLOYMENT_TARGET = 10.2;
				LD_RUNPATH_SEARCH_PATHS = "$(inherited) @executable_path/Frameworks";
				PRODUCT_BUNDLE_IDENTIFIER = com.otsimo.mchatreact;
				PRODUCT_NAME = "$(TARGET_NAME)";
				TARGETED_DEVICE_FAMILY = "1,2";
			};
			name = Release;
		};
/* End XCBuildConfiguration section */

/* Begin XCConfigurationList section */
		53187F431E152DE300484994 /* Build configuration list for PBXProject "OtsimoTest" */ = {
			isa = XCConfigurationList;
			buildConfigurations = (
				53187F581E152DE300484994 /* Debug */,
				53187F591E152DE300484994 /* Release */,
			);
			defaultConfigurationIsVisible = 0;
			defaultConfigurationName = Release;
		};
		53187F5A1E152DE300484994 /* Build configuration list for PBXNativeTarget "Otsimo Test" */ = {
			isa = XCConfigurationList;
			buildConfigurations = (
				53187F5B1E152DE300484994 /* Debug */,
				53187F5C1E152DE300484994 /* Release */,
			);
			defaultConfigurationIsVisible = 0;
			defaultConfigurationName = Release;
		};
		53FFFAFB1E72C4E4000BEC96 /* Build configuration list for PBXNativeTarget "mchatreact" */ = {
			isa = XCConfigurationList;
			buildConfigurations = (
				53FFFAFC1E72C4E4000BEC96 /* Debug */,
				53FFFAFD1E72C4E4000BEC96 /* Release */,
			);
			defaultConfigurationIsVisible = 0;
			defaultConfigurationName = Release;
		};
/* End XCConfigurationList section */
	};
	rootObject = 53187F401E152DE300484994 /* Project object */;
}
